// !$*UTF8*$!
{
	archiveVersion = 1;
	classes = {
	};
	objectVersion = 46;
	objects = {

/* Begin PBXBuildFile section */
		1846A7BF134B6F4D00D35626 /* ChangePlayerMenuViewController.m in Sources */ = {isa = PBXBuildFile; fileRef = 1846A7BD134B6F4D00D35626 /* ChangePlayerMenuViewController.m */; };
		1846A7C0134B6F4D00D35626 /* ChangePlayerMenuViewController.xib in Resources */ = {isa = PBXBuildFile; fileRef = 1846A7BE134B6F4D00D35626 /* ChangePlayerMenuViewController.xib */; };
		184A63A31347AF34000F5C50 /* libsqlite3.dylib in Frameworks */ = {isa = PBXBuildFile; fileRef = 184A63A21347AF34000F5C50 /* libsqlite3.dylib */; };
		185EEC971348A98D007A1C67 /* DataBase.m in Sources */ = {isa = PBXBuildFile; fileRef = 185EEC961348A98D007A1C67 /* DataBase.m */; };
		186E7CD21345313F004B873F /* DBMap.m in Sources */ = {isa = PBXBuildFile; fileRef = 186E7CCF1345313F004B873F /* DBMap.m */; };
		186E7CD31345313F004B873F /* DBSystem.m in Sources */ = {isa = PBXBuildFile; fileRef = 186E7CD11345313F004B873F /* DBSystem.m */; };
		187A72D6134117650020D828 /* Application.m in Sources */ = {isa = PBXBuildFile; fileRef = 187A72D5134117650020D828 /* Application.m */; };
		187A72D9134117800020D828 /* DBUser.m in Sources */ = {isa = PBXBuildFile; fileRef = 187A72D8134117800020D828 /* DBUser.m */; };
		187A72E81341312D0020D828 /* MainMenuViewController.m in Sources */ = {isa = PBXBuildFile; fileRef = 187A72E61341312D0020D828 /* MainMenuViewController.m */; };
		187A72EA1341315C0020D828 /* MainMenuViewController.xib in Resources */ = {isa = PBXBuildFile; fileRef = 187A72EC1341315C0020D828 /* MainMenuViewController.xib */; };
		18885582134106E500DA88B9 /* CreateAccountOfflineMenuViewController.m in Sources */ = {isa = PBXBuildFile; fileRef = 18885580134106E500DA88B9 /* CreateAccountOfflineMenuViewController.m */; };
		18885586134107BE00DA88B9 /* CreateAccountOfflineMenuViewController.xib in Resources */ = {isa = PBXBuildFile; fileRef = 18885588134107BE00DA88B9 /* CreateAccountOfflineMenuViewController.xib */; };
		18C839C913410263001D5747 /* UIKit.framework in Frameworks */ = {isa = PBXBuildFile; fileRef = 18C839C813410263001D5747 /* UIKit.framework */; };
		18C839CB13410263001D5747 /* Foundation.framework in Frameworks */ = {isa = PBXBuildFile; fileRef = 18C839CA13410263001D5747 /* Foundation.framework */; };
		18C839CD13410263001D5747 /* CoreGraphics.framework in Frameworks */ = {isa = PBXBuildFile; fileRef = 18C839CC13410263001D5747 /* CoreGraphics.framework */; };
		18C839D313410263001D5747 /* InfoPlist.strings in Resources */ = {isa = PBXBuildFile; fileRef = 18C839D113410263001D5747 /* InfoPlist.strings */; };
		18C839D613410263001D5747 /* main.m in Sources */ = {isa = PBXBuildFile; fileRef = 18C839D513410263001D5747 /* main.m */; };
		18C839D913410263001D5747 /* BomberKlobAppDelegate.m in Sources */ = {isa = PBXBuildFile; fileRef = 18C839D813410263001D5747 /* BomberKlobAppDelegate.m */; };
		18C839DC13410263001D5747 /* MainWindow.xib in Resources */ = {isa = PBXBuildFile; fileRef = 18C839DA13410263001D5747 /* MainWindow.xib */; };
/* End PBXBuildFile section */

/* Begin PBXFileReference section */
		1846A7BC134B6F4D00D35626 /* ChangePlayerMenuViewController.h */ = {isa = PBXFileReference; fileEncoding = 4; lastKnownFileType = sourcecode.c.h; name = ChangePlayerMenuViewController.h; path = BomberKlob.xcodeproj/ChangePlayerMenuViewController.h; sourceTree = "<group>"; };
		1846A7BD134B6F4D00D35626 /* ChangePlayerMenuViewController.m */ = {isa = PBXFileReference; fileEncoding = 4; lastKnownFileType = sourcecode.c.objc; name = ChangePlayerMenuViewController.m; path = BomberKlob.xcodeproj/ChangePlayerMenuViewController.m; sourceTree = "<group>"; };
		1846A7BE134B6F4D00D35626 /* ChangePlayerMenuViewController.xib */ = {isa = PBXFileReference; fileEncoding = 4; lastKnownFileType = file.xib; name = ChangePlayerMenuViewController.xib; path = BomberKlob.xcodeproj/ChangePlayerMenuViewController.xib; sourceTree = "<group>"; };
		184A63A21347AF34000F5C50 /* libsqlite3.dylib */ = {isa = PBXFileReference; lastKnownFileType = "compiled.mach-o.dylib"; name = libsqlite3.dylib; path = usr/lib/libsqlite3.dylib; sourceTree = SDKROOT; };
		185EEC951348A98D007A1C67 /* DataBase.h */ = {isa = PBXFileReference; fileEncoding = 4; lastKnownFileType = sourcecode.c.h; path = DataBase.h; sourceTree = "<group>"; };
		185EEC961348A98D007A1C67 /* DataBase.m */ = {isa = PBXFileReference; fileEncoding = 4; lastKnownFileType = sourcecode.c.objc; path = DataBase.m; sourceTree = "<group>"; };
		186E7CCE1345313F004B873F /* DBMap.h */ = {isa = PBXFileReference; fileEncoding = 4; lastKnownFileType = sourcecode.c.h; path = DBMap.h; sourceTree = "<group>"; };
		186E7CCF1345313F004B873F /* DBMap.m */ = {isa = PBXFileReference; fileEncoding = 4; lastKnownFileType = sourcecode.c.objc; path = DBMap.m; sourceTree = "<group>"; };
		186E7CD01345313F004B873F /* DBSystem.h */ = {isa = PBXFileReference; fileEncoding = 4; path = DBSystem.h; sourceTree = "<group>"; };
		186E7CD11345313F004B873F /* DBSystem.m */ = {isa = PBXFileReference; fileEncoding = 4; lastKnownFileType = sourcecode.c.objc; path = DBSystem.m; sourceTree = "<group>"; };
		187A72D4134117650020D828 /* Application.h */ = {isa = PBXFileReference; fileEncoding = 4; lastKnownFileType = sourcecode.c.h; path = Application.h; sourceTree = "<group>"; };
		187A72D5134117650020D828 /* Application.m */ = {isa = PBXFileReference; fileEncoding = 4; lastKnownFileType = sourcecode.c.objc; path = Application.m; sourceTree = "<group>"; };
		187A72D7134117800020D828 /* DBUser.h */ = {isa = PBXFileReference; fileEncoding = 4; path = DBUser.h; sourceTree = "<group>"; };
		187A72D8134117800020D828 /* DBUser.m */ = {isa = PBXFileReference; fileEncoding = 4; lastKnownFileType = sourcecode.c.objc; path = DBUser.m; sourceTree = "<group>"; };
		187A72E51341312D0020D828 /* MainMenuViewController.h */ = {isa = PBXFileReference; fileEncoding = 4; lastKnownFileType = sourcecode.c.h; path = MainMenuViewController.h; sourceTree = "<group>"; };
		187A72E61341312D0020D828 /* MainMenuViewController.m */ = {isa = PBXFileReference; fileEncoding = 4; lastKnownFileType = sourcecode.c.objc; path = MainMenuViewController.m; sourceTree = "<group>"; };
		187A72EB1341315C0020D828 /* en */ = {isa = PBXFileReference; lastKnownFileType = file.xib; name = en; path = en.lproj/MainMenuViewController.xib; sourceTree = "<group>"; };
		187A72F5134131D00020D828 /* fr */ = {isa = PBXFileReference; lastKnownFileType = file.xib; name = fr; path = fr.lproj/CreateAccountOfflineMenuViewController.xib; sourceTree = "<group>"; };
		187A72F613413DCA0020D828 /* fr */ = {isa = PBXFileReference; lastKnownFileType = text.plist.strings; name = fr; path = fr.lproj/InfoPlist.strings; sourceTree = "<group>"; };
		1888557F134106E500DA88B9 /* CreateAccountOfflineMenuViewController.h */ = {isa = PBXFileReference; fileEncoding = 4; lastKnownFileType = sourcecode.c.h; path = CreateAccountOfflineMenuViewController.h; sourceTree = "<group>"; };
		18885580134106E500DA88B9 /* CreateAccountOfflineMenuViewController.m */ = {isa = PBXFileReference; fileEncoding = 4; lastKnownFileType = sourcecode.c.objc; path = CreateAccountOfflineMenuViewController.m; sourceTree = "<group>"; };
		18885587134107BE00DA88B9 /* en */ = {isa = PBXFileReference; lastKnownFileType = file.xib; name = en; path = en.lproj/CreateAccountOfflineMenuViewController.xib; sourceTree = "<group>"; };
		18C839C413410263001D5747 /* BomberKlob.app */ = {isa = PBXFileReference; explicitFileType = wrapper.application; includeInIndex = 0; path = BomberKlob.app; sourceTree = BUILT_PRODUCTS_DIR; };
		18C839C813410263001D5747 /* UIKit.framework */ = {isa = PBXFileReference; lastKnownFileType = wrapper.framework; name = UIKit.framework; path = System/Library/Frameworks/UIKit.framework; sourceTree = SDKROOT; };
		18C839CA13410263001D5747 /* Foundation.framework */ = {isa = PBXFileReference; lastKnownFileType = wrapper.framework; name = Foundation.framework; path = System/Library/Frameworks/Foundation.framework; sourceTree = SDKROOT; };
		18C839CC13410263001D5747 /* CoreGraphics.framework */ = {isa = PBXFileReference; lastKnownFileType = wrapper.framework; name = CoreGraphics.framework; path = System/Library/Frameworks/CoreGraphics.framework; sourceTree = SDKROOT; };
		18C839D013410263001D5747 /* BomberKlob-Info.plist */ = {isa = PBXFileReference; lastKnownFileType = text.plist.xml; path = "BomberKlob-Info.plist"; sourceTree = "<group>"; };
		18C839D213410263001D5747 /* en */ = {isa = PBXFileReference; lastKnownFileType = text.plist.strings; name = en; path = en.lproj/InfoPlist.strings; sourceTree = "<group>"; };
		18C839D413410263001D5747 /* BomberKlob-Prefix.pch */ = {isa = PBXFileReference; lastKnownFileType = sourcecode.c.h; path = "BomberKlob-Prefix.pch"; sourceTree = "<group>"; };
		18C839D513410263001D5747 /* main.m */ = {isa = PBXFileReference; lastKnownFileType = sourcecode.c.objc; path = main.m; sourceTree = "<group>"; };
		18C839D713410263001D5747 /* BomberKlobAppDelegate.h */ = {isa = PBXFileReference; lastKnownFileType = sourcecode.c.h; path = BomberKlobAppDelegate.h; sourceTree = "<group>"; };
		18C839D813410263001D5747 /* BomberKlobAppDelegate.m */ = {isa = PBXFileReference; lastKnownFileType = sourcecode.c.objc; path = BomberKlobAppDelegate.m; sourceTree = "<group>"; };
		18C839DB13410263001D5747 /* en */ = {isa = PBXFileReference; lastKnownFileType = file.xib; name = en; path = en.lproj/MainWindow.xib; sourceTree = "<group>"; };
/* End PBXFileReference section */

/* Begin PBXFrameworksBuildPhase section */
		18C839C113410263001D5747 /* Frameworks */ = {
			isa = PBXFrameworksBuildPhase;
			buildActionMask = 2147483647;
			files = (
				184A63A31347AF34000F5C50 /* libsqlite3.dylib in Frameworks */,
				18C839C913410263001D5747 /* UIKit.framework in Frameworks */,
				18C839CB13410263001D5747 /* Foundation.framework in Frameworks */,
				18C839CD13410263001D5747 /* CoreGraphics.framework in Frameworks */,
			);
			runOnlyForDeploymentPostprocessing = 0;
		};
/* End PBXFrameworksBuildPhase section */

/* Begin PBXGroup section */
		1846A7C2134B6F5700D35626 /* ChangePlayerMenu */ = {
			isa = PBXGroup;
			children = (
				1846A7BC134B6F4D00D35626 /* ChangePlayerMenuViewController.h */,
				1846A7BD134B6F4D00D35626 /* ChangePlayerMenuViewController.m */,
				1846A7BE134B6F4D00D35626 /* ChangePlayerMenuViewController.xib */,
			);
			name = ChangePlayerMenu;
			path = ..;
			sourceTree = "<group>";
		};
		187A72D2134117400020D828 /* ModelMenu */ = {
			isa = PBXGroup;
			children = (
				185EEC951348A98D007A1C67 /* DataBase.h */,
				185EEC961348A98D007A1C67 /* DataBase.m */,
				187A72D4134117650020D828 /* Application.h */,
				187A72D5134117650020D828 /* Application.m */,
				186E7CD01345313F004B873F /* DBSystem.h */,
				186E7CD11345313F004B873F /* DBSystem.m */,
				187A72D7134117800020D828 /* DBUser.h */,
				187A72D8134117800020D828 /* DBUser.m */,
				186E7CCE1345313F004B873F /* DBMap.h */,
				186E7CCF1345313F004B873F /* DBMap.m */,
			);
			name = ModelMenu;
			sourceTree = "<group>";
		};
		187A72E2134131020020D828 /* MainMenu */ = {
			isa = PBXGroup;
			children = (
				187A72E51341312D0020D828 /* MainMenuViewController.h */,
				187A72E61341312D0020D828 /* MainMenuViewController.m */,
				187A72EC1341315C0020D828 /* MainMenuViewController.xib */,
			);
			name = MainMenu;
			sourceTree = "<group>";
		};
		18819AC8134103CA00CBAF1D /* AppDelegate */ = {
			isa = PBXGroup;
			children = (
				18C839D713410263001D5747 /* BomberKlobAppDelegate.h */,
				18C839D813410263001D5747 /* BomberKlobAppDelegate.m */,
				18C839DA13410263001D5747 /* MainWindow.xib */,
			);
			name = AppDelegate;
			sourceTree = "<group>";
		};
		188855851341071700DA88B9 /* CreateAccountMenu */ = {
			isa = PBXGroup;
			children = (
				1888557F134106E500DA88B9 /* CreateAccountOfflineMenuViewController.h */,
				18885580134106E500DA88B9 /* CreateAccountOfflineMenuViewController.m */,
				18885588134107BE00DA88B9 /* CreateAccountOfflineMenuViewController.xib */,
			);
			name = CreateAccountMenu;
			sourceTree = "<group>";
		};
		18C839B913410263001D5747 = {
			isa = PBXGroup;
			children = (
				18C839CE13410263001D5747 /* BomberKlob */,
				18C839C713410263001D5747 /* Frameworks */,
				18C839C513410263001D5747 /* Products */,
			);
			sourceTree = "<group>";
		};
		18C839C513410263001D5747 /* Products */ = {
			isa = PBXGroup;
			children = (
				18C839C413410263001D5747 /* BomberKlob.app */,
			);
			name = Products;
			sourceTree = "<group>";
		};
		18C839C713410263001D5747 /* Frameworks */ = {
			isa = PBXGroup;
			children = (
				184A63A21347AF34000F5C50 /* libsqlite3.dylib */,
				18C839C813410263001D5747 /* UIKit.framework */,
				18C839CA13410263001D5747 /* Foundation.framework */,
				18C839CC13410263001D5747 /* CoreGraphics.framework */,
			);
			name = Frameworks;
			sourceTree = "<group>";
		};
		18C839CE13410263001D5747 /* BomberKlob */ = {
			isa = PBXGroup;
			children = (
				187A72D2134117400020D828 /* ModelMenu */,
				188855851341071700DA88B9 /* CreateAccountMenu */,
				187A72E2134131020020D828 /* MainMenu */,
				1846A7C2134B6F5700D35626 /* ChangePlayerMenu */,
				18819AC8134103CA00CBAF1D /* AppDelegate */,
				18C839CF13410263001D5747 /* Supporting Files */,
			);
			path = BomberKlob;
			sourceTree = "<group>";
		};
		18C839CF13410263001D5747 /* Supporting Files */ = {
			isa = PBXGroup;
			children = (
				18C839D013410263001D5747 /* BomberKlob-Info.plist */,
				18C839D113410263001D5747 /* InfoPlist.strings */,
				18C839D413410263001D5747 /* BomberKlob-Prefix.pch */,
				18C839D513410263001D5747 /* main.m */,
			);
			name = "Supporting Files";
			sourceTree = "<group>";
		};
/* End PBXGroup section */

/* Begin PBXNativeTarget section */
		18C839C313410263001D5747 /* BomberKlob */ = {
			isa = PBXNativeTarget;
			buildConfigurationList = 18C839E513410263001D5747 /* Build configuration list for PBXNativeTarget "BomberKlob" */;
			buildPhases = (
				18C839C013410263001D5747 /* Sources */,
				18C839C113410263001D5747 /* Frameworks */,
				18C839C213410263001D5747 /* Resources */,
			);
			buildRules = (
			);
			dependencies = (
			);
			name = BomberKlob;
			productName = BomberKlob;
			productReference = 18C839C413410263001D5747 /* BomberKlob.app */;
			productType = "com.apple.product-type.application";
		};
/* End PBXNativeTarget section */

/* Begin PBXProject section */
		18C839BB13410263001D5747 /* Project object */ = {
			isa = PBXProject;
			buildConfigurationList = 18C839BE13410263001D5747 /* Build configuration list for PBXProject "BomberKlob" */;
			compatibilityVersion = "Xcode 3.2";
			developmentRegion = English;
			hasScannedForEncodings = 0;
			knownRegions = (
				en,
				fr,
			);
			mainGroup = 18C839B913410263001D5747;
			productRefGroup = 18C839C513410263001D5747 /* Products */;
			projectDirPath = "";
			projectRoot = "";
			targets = (
				18C839C313410263001D5747 /* BomberKlob */,
			);
		};
/* End PBXProject section */

/* Begin PBXResourcesBuildPhase section */
		18C839C213410263001D5747 /* Resources */ = {
			isa = PBXResourcesBuildPhase;
			buildActionMask = 2147483647;
			files = (
				18C839D313410263001D5747 /* InfoPlist.strings in Resources */,
				18C839DC13410263001D5747 /* MainWindow.xib in Resources */,
				18885586134107BE00DA88B9 /* CreateAccountOfflineMenuViewController.xib in Resources */,
				187A72EA1341315C0020D828 /* MainMenuViewController.xib in Resources */,
				1846A7C0134B6F4D00D35626 /* ChangePlayerMenuViewController.xib in Resources */,
			);
			runOnlyForDeploymentPostprocessing = 0;
		};
/* End PBXResourcesBuildPhase section */

/* Begin PBXSourcesBuildPhase section */
		18C839C013410263001D5747 /* Sources */ = {
			isa = PBXSourcesBuildPhase;
			buildActionMask = 2147483647;
			files = (
				18C839D613410263001D5747 /* main.m in Sources */,
				18C839D913410263001D5747 /* BomberKlobAppDelegate.m in Sources */,
				18885582134106E500DA88B9 /* CreateAccountOfflineMenuViewController.m in Sources */,
				187A72D6134117650020D828 /* Application.m in Sources */,
				187A72D9134117800020D828 /* DBUser.m in Sources */,
				187A72E81341312D0020D828 /* MainMenuViewController.m in Sources */,
				186E7CD21345313F004B873F /* DBMap.m in Sources */,
				186E7CD31345313F004B873F /* DBSystem.m in Sources */,
				185EEC971348A98D007A1C67 /* DataBase.m in Sources */,
				1846A7BF134B6F4D00D35626 /* ChangePlayerMenuViewController.m in Sources */,
			);
			runOnlyForDeploymentPostprocessing = 0;
		};
/* End PBXSourcesBuildPhase section */

/* Begin PBXVariantGroup section */
		187A72EC1341315C0020D828 /* MainMenuViewController.xib */ = {
			isa = PBXVariantGroup;
			children = (
				187A72EB1341315C0020D828 /* en */,
			);
			name = MainMenuViewController.xib;
			sourceTree = "<group>";
		};
		18885588134107BE00DA88B9 /* CreateAccountOfflineMenuViewController.xib */ = {
			isa = PBXVariantGroup;
			children = (
				18885587134107BE00DA88B9 /* en */,
				187A72F5134131D00020D828 /* fr */,
			);
			name = CreateAccountOfflineMenuViewController.xib;
			sourceTree = "<group>";
		};
		18C839D113410263001D5747 /* InfoPlist.strings */ = {
			isa = PBXVariantGroup;
			children = (
				18C839D213410263001D5747 /* en */,
				187A72F613413DCA0020D828 /* fr */,
			);
			name = InfoPlist.strings;
			sourceTree = "<group>";
		};
		18C839DA13410263001D5747 /* MainWindow.xib */ = {
			isa = PBXVariantGroup;
			children = (
				18C839DB13410263001D5747 /* en */,
			);
			name = MainWindow.xib;
			sourceTree = "<group>";
		};
/* End PBXVariantGroup section */

/* Begin XCBuildConfiguration section */
		18C839E313410263001D5747 /* Debug */ = {
			isa = XCBuildConfiguration;
			buildSettings = {
				ARCHS = "$(ARCHS_STANDARD_32_BIT)";
				"CODE_SIGN_IDENTITY[sdk=iphoneos*]" = "iPhone Developer";
				GCC_C_LANGUAGE_STANDARD = gnu99;
				GCC_OPTIMIZATION_LEVEL = 0;
				GCC_PREPROCESSOR_DEFINITIONS = DEBUG;
				GCC_SYMBOLS_PRIVATE_EXTERN = NO;
				GCC_VERSION = com.apple.compilers.llvmgcc42;
				GCC_WARN_ABOUT_RETURN_TYPE = YES;
				GCC_WARN_UNUSED_VARIABLE = YES;
				IPHONEOS_DEPLOYMENT_TARGET = 4.3;
				SDKROOT = iphoneos;
			};
			name = Debug;
		};
		18C839E413410263001D5747 /* Release */ = {
			isa = XCBuildConfiguration;
			buildSettings = {
				ARCHS = "$(ARCHS_STANDARD_32_BIT)";
				"CODE_SIGN_IDENTITY[sdk=iphoneos*]" = "iPhone Developer";
				GCC_C_LANGUAGE_STANDARD = gnu99;
				GCC_VERSION = com.apple.compilers.llvmgcc42;
				GCC_WARN_ABOUT_RETURN_TYPE = YES;
				GCC_WARN_UNUSED_VARIABLE = YES;
				IPHONEOS_DEPLOYMENT_TARGET = 4.3;
				OTHER_CFLAGS = "-DNS_BLOCK_ASSERTIONS=1";
				SDKROOT = iphoneos;
			};
			name = Release;
		};
		18C839E613410263001D5747 /* Debug */ = {
			isa = XCBuildConfiguration;
			buildSettings = {
				ALWAYS_SEARCH_USER_PATHS = NO;
				COPY_PHASE_STRIP = NO;
				GCC_DYNAMIC_NO_PIC = NO;
				GCC_PRECOMPILE_PREFIX_HEADER = YES;
				GCC_PREFIX_HEADER = "BomberKlob/BomberKlob-Prefix.pch";
				INFOPLIST_FILE = "BomberKlob/BomberKlob-Info.plist";
				PRODUCT_NAME = "$(TARGET_NAME)";
				WRAPPER_EXTENSION = app;
			};
			name = Debug;
		};
		18C839E713410263001D5747 /* Release */ = {
			isa = XCBuildConfiguration;
			buildSettings = {
				ALWAYS_SEARCH_USER_PATHS = NO;
				COPY_PHASE_STRIP = YES;
				GCC_PRECOMPILE_PREFIX_HEADER = YES;
				GCC_PREFIX_HEADER = "BomberKlob/BomberKlob-Prefix.pch";
				INFOPLIST_FILE = "BomberKlob/BomberKlob-Info.plist";
				PRODUCT_NAME = "$(TARGET_NAME)";
				VALIDATE_PRODUCT = YES;
				WRAPPER_EXTENSION = app;
			};
			name = Release;
		};
/* End XCBuildConfiguration section */

/* Begin XCConfigurationList section */
		18C839BE13410263001D5747 /* Build configuration list for PBXProject "BomberKlob" */ = {
			isa = XCConfigurationList;
			buildConfigurations = (
				18C839E313410263001D5747 /* Debug */,
				18C839E413410263001D5747 /* Release */,
			);
			defaultConfigurationIsVisible = 0;
			defaultConfigurationName = Release;
		};
		18C839E513410263001D5747 /* Build configuration list for PBXNativeTarget "BomberKlob" */ = {
			isa = XCConfigurationList;
			buildConfigurations = (
				18C839E613410263001D5747 /* Debug */,
				18C839E713410263001D5747 /* Release */,
			);
			defaultConfigurationIsVisible = 0;
			defaultConfigurationName = Release;
		};
/* End XCConfigurationList section */
	};
	rootObject = 18C839BB13410263001D5747 /* Project object */;
}
