// !$*UTF8*$!
{
	archiveVersion = 1;
	classes = {
	};
	objectVersion = 46;
	objects = {

/* Begin PBXBuildFile section */
		1846A7BF134B6F4D00D35626 /* ChangePlayerMenuViewController.m in Sources */ = {isa = PBXBuildFile; fileRef = 1846A7BD134B6F4D00D35626 /* ChangePlayerMenuViewController.m */; };
		184A63A31347AF34000F5C50 /* libsqlite3.dylib in Frameworks */ = {isa = PBXBuildFile; fileRef = 184A63A21347AF34000F5C50 /* libsqlite3.dylib */; };
		18543B121350A2E90038CC61 /* AVFoundation.framework in Frameworks */ = {isa = PBXBuildFile; fileRef = 18543B111350A2E90038CC61 /* AVFoundation.framework */; };
		18592AA61359DC7B00A20BB1 /* Maps in Resources */ = {isa = PBXBuildFile; fileRef = 18592AA41359DC7B00A20BB1 /* Maps */; };
		18592AA71359DC7B00A20BB1 /* Sounds in Resources */ = {isa = PBXBuildFile; fileRef = 18592AA51359DC7B00A20BB1 /* Sounds */; };
		185EEC971348A98D007A1C67 /* DataBase.m in Sources */ = {isa = PBXBuildFile; fileRef = 185EEC961348A98D007A1C67 /* DataBase.m */; };
		186E7CD31345313F004B873F /* DBSystem.m in Sources */ = {isa = PBXBuildFile; fileRef = 186E7CD11345313F004B873F /* DBSystem.m */; };
		187A72D9134117800020D828 /* DBUser.m in Sources */ = {isa = PBXBuildFile; fileRef = 187A72D8134117800020D828 /* DBUser.m */; };
		187A72E81341312D0020D828 /* MainMenuViewController.m in Sources */ = {isa = PBXBuildFile; fileRef = 187A72E61341312D0020D828 /* MainMenuViewController.m */; };
		187A72EA1341315C0020D828 /* MainMenuViewController.xib in Resources */ = {isa = PBXBuildFile; fileRef = 187A72EC1341315C0020D828 /* MainMenuViewController.xib */; };
		18885582134106E500DA88B9 /* CreateAccountOfflineMenuViewController.m in Sources */ = {isa = PBXBuildFile; fileRef = 18885580134106E500DA88B9 /* CreateAccountOfflineMenuViewController.m */; };
		18885586134107BE00DA88B9 /* CreateAccountOfflineMenuViewController.xib in Resources */ = {isa = PBXBuildFile; fileRef = 18885588134107BE00DA88B9 /* CreateAccountOfflineMenuViewController.xib */; };
		1890E74A1359F185002F78B9 /* GameInformationViewController.m in Sources */ = {isa = PBXBuildFile; fileRef = 992AFC79135641B700D7726C /* GameInformationViewController.m */; };
		1890E74C1359F197002F78B9 /* GameInformationView.m in Sources */ = {isa = PBXBuildFile; fileRef = 992AFC761356419E00D7726C /* GameInformationView.m */; };
		1890E74D1359F1CF002F78B9 /* GameActionViewController.m in Sources */ = {isa = PBXBuildFile; fileRef = 992AFC731356417100D7726C /* GameActionViewController.m */; };
		1890E74E1359F1DB002F78B9 /* GameActionView.m in Sources */ = {isa = PBXBuildFile; fileRef = 992AFC6F1356415D00D7726C /* GameActionView.m */; };
		1890E7541359FE02002F78B9 /* EditorInformation.m in Sources */ = {isa = PBXBuildFile; fileRef = 1890E7531359FE02002F78B9 /* EditorInformation.m */; };
		1890E7571359FE1A002F78B9 /* EditorAction.m in Sources */ = {isa = PBXBuildFile; fileRef = 1890E7561359FE1A002F78B9 /* EditorAction.m */; };
		1890E75A1359FF20002F78B9 /* EditorMapZone.m in Sources */ = {isa = PBXBuildFile; fileRef = 1890E7591359FF20002F78B9 /* EditorMapZone.m */; };
		1890E75D135A02CC002F78B9 /* EditorMapZoneView.m in Sources */ = {isa = PBXBuildFile; fileRef = 1890E75C135A02CB002F78B9 /* EditorMapZoneView.m */; };
		1890E760135A02EF002F78B9 /* EditorInformationView.m in Sources */ = {isa = PBXBuildFile; fileRef = 1890E75F135A02EF002F78B9 /* EditorInformationView.m */; };
		1890E763135A0303002F78B9 /* EditorActionView.m in Sources */ = {isa = PBXBuildFile; fileRef = 1890E762135A0303002F78B9 /* EditorActionView.m */; };
		1890E766135C6014002F78B9 /* PauseMenu.m in Sources */ = {isa = PBXBuildFile; fileRef = 1890E765135C6013002F78B9 /* PauseMenu.m */; };
		1890E769135C6039002F78B9 /* PauseMenuView.m in Sources */ = {isa = PBXBuildFile; fileRef = 1890E768135C6038002F78B9 /* PauseMenuView.m */; };
		1890E76E135C9E36002F78B9 /* EditorMenuViewController.m in Sources */ = {isa = PBXBuildFile; fileRef = 1890E76C135C9E36002F78B9 /* EditorMenuViewController.m */; };
		1890E774135CB2EC002F78B9 /* LoadMapEditorMenuViewController.m in Sources */ = {isa = PBXBuildFile; fileRef = 1890E772135CB2EC002F78B9 /* LoadMapEditorMenuViewController.m */; };
		1890E778135CB5AF002F78B9 /* LoadMapEditorMenuView.m in Sources */ = {isa = PBXBuildFile; fileRef = 1890E777135CB5AF002F78B9 /* LoadMapEditorMenuView.m */; };
		18ADE84F13534575001AF150 /* icon.png in Resources */ = {isa = PBXBuildFile; fileRef = 18ADE84E13534575001AF150 /* icon.png */; };
		18C839C913410263001D5747 /* UIKit.framework in Frameworks */ = {isa = PBXBuildFile; fileRef = 18C839C813410263001D5747 /* UIKit.framework */; };
		18C839CB13410263001D5747 /* Foundation.framework in Frameworks */ = {isa = PBXBuildFile; fileRef = 18C839CA13410263001D5747 /* Foundation.framework */; };
		18C839CD13410263001D5747 /* CoreGraphics.framework in Frameworks */ = {isa = PBXBuildFile; fileRef = 18C839CC13410263001D5747 /* CoreGraphics.framework */; };
		18C839D313410263001D5747 /* InfoPlist.strings in Resources */ = {isa = PBXBuildFile; fileRef = 18C839D113410263001D5747 /* InfoPlist.strings */; };
		18C839D613410263001D5747 /* main.m in Sources */ = {isa = PBXBuildFile; fileRef = 18C839D513410263001D5747 /* main.m */; };
		18C839D913410263001D5747 /* BomberKlobAppDelegate.m in Sources */ = {isa = PBXBuildFile; fileRef = 18C839D813410263001D5747 /* BomberKlobAppDelegate.m */; };
		18C839DC13410263001D5747 /* MainWindow.xib in Resources */ = {isa = PBXBuildFile; fileRef = 18C839DA13410263001D5747 /* MainWindow.xib */; };
		18F03ED5136C3C4D0030496F /* objects.png in Resources */ = {isa = PBXBuildFile; fileRef = 18F03ED4136C3C4D0030496F /* objects.png */; };
		99225ADB135471C7008B95AA /* players.png in Resources */ = {isa = PBXBuildFile; fileRef = 99225ADA135471C7008B95AA /* players.png */; };
		99225ADD135471EC008B95AA /* space.png in Resources */ = {isa = PBXBuildFile; fileRef = 99225ADC135471EC008B95AA /* space.png */; };
		99240527135337D700011965 /* Application.m in Sources */ = {isa = PBXBuildFile; fileRef = 99240526135337D700011965 /* Application.m */; };
		992405281353382700011965 /* DBMap.m in Sources */ = {isa = PBXBuildFile; fileRef = 992405231353379700011965 /* DBMap.m */; };
		992405291353394F00011965 /* OptionsMenuViewController.xib in Resources */ = {isa = PBXBuildFile; fileRef = 1846A7EE134C636800D35626 /* OptionsMenuViewController.xib */; };
		9924052A1353394F00011965 /* AccountManagementMenuViewController.xib in Resources */ = {isa = PBXBuildFile; fileRef = 1846A7F7134C6C7700D35626 /* AccountManagementMenuViewController.xib */; };
		9924052B1353394F00011965 /* ChangePlayerMenuViewController.xib in Resources */ = {isa = PBXBuildFile; fileRef = 1846A7EB134C635400D35626 /* ChangePlayerMenuViewController.xib */; };
		9924052C1353398200011965 /* SinglePlayerMenuViewController.xib in Resources */ = {isa = PBXBuildFile; fileRef = 18412F1E13519CE6002C49D7 /* SinglePlayerMenuViewController.xib */; };
		99262504136041A600E17F33 /* bomb_button.png in Resources */ = {isa = PBXBuildFile; fileRef = 99262503136041A600E17F33 /* bomb_button.png */; };
		9926250713607DF700E17F33 /* EditorMenuViewController.xib in Resources */ = {isa = PBXBuildFile; fileRef = 1890E76D135C9E36002F78B9 /* EditorMenuViewController.xib */; };
		9926250813607E0900E17F33 /* LoadMapEditorMenuViewController.xib in Resources */ = {isa = PBXBuildFile; fileRef = 1890E779135CB724002F78B9 /* LoadMapEditorMenuViewController.xib */; };
		9926250B1360808400E17F33 /* PauseMenuGame.m in Sources */ = {isa = PBXBuildFile; fileRef = 9926250A1360808100E17F33 /* PauseMenuGame.m */; };
		9926250E1360817000E17F33 /* PauseMenuGameView.m in Sources */ = {isa = PBXBuildFile; fileRef = 9926250D1360816E00E17F33 /* PauseMenuGameView.m */; };
		9926252A1362E67E00E17F33 /* objects.xml in Resources */ = {isa = PBXBuildFile; fileRef = 992625291362E67E00E17F33 /* objects.xml */; };
		9943395B134C876200970231 /* AnimationSequence.m in Sources */ = {isa = PBXBuildFile; fileRef = 99433929134C876200970231 /* AnimationSequence.m */; };
		9943395C134C876200970231 /* Bomb.m in Sources */ = {isa = PBXBuildFile; fileRef = 9943392B134C876200970231 /* Bomb.m */; };
		9943395D134C876200970231 /* BotPlayer.m in Sources */ = {isa = PBXBuildFile; fileRef = 9943392D134C876200970231 /* BotPlayer.m */; };
		9943395E134C876200970231 /* DeathMatch.m in Sources */ = {isa = PBXBuildFile; fileRef = 9943392F134C876200970231 /* DeathMatch.m */; };
		9943395F134C876200970231 /* Destructible.m in Sources */ = {isa = PBXBuildFile; fileRef = 99433931134C876200970231 /* Destructible.m */; };
		99433960134C876200970231 /* EditorViewController.m in Sources */ = {isa = PBXBuildFile; fileRef = 99433933134C876200970231 /* EditorViewController.m */; };
		99433961134C876200970231 /* Engine.m in Sources */ = {isa = PBXBuildFile; fileRef = 99433935134C876200970231 /* Engine.m */; };
		99433962134C876200970231 /* FrameInfo.m in Sources */ = {isa = PBXBuildFile; fileRef = 99433937134C876200970231 /* FrameInfo.m */; };
		99433963134C876200970231 /* Game.m in Sources */ = {isa = PBXBuildFile; fileRef = 99433939134C876200970231 /* Game.m */; };
		99433964134C876200970231 /* GameControllerMultiplayer.m in Sources */ = {isa = PBXBuildFile; fileRef = 9943393B134C876200970231 /* GameControllerMultiplayer.m */; };
		99433965134C876200970231 /* GameViewControllerSingle.m in Sources */ = {isa = PBXBuildFile; fileRef = 9943393D134C876200970231 /* GameViewControllerSingle.m */; };
		99433966134C876200970231 /* GameType.m in Sources */ = {isa = PBXBuildFile; fileRef = 9943393F134C876200970231 /* GameType.m */; };
		99433967134C876200970231 /* GameView.m in Sources */ = {isa = PBXBuildFile; fileRef = 99433941134C876200970231 /* GameView.m */; };
		99433968134C876200970231 /* GameViewController.m in Sources */ = {isa = PBXBuildFile; fileRef = 99433943134C876200970231 /* GameViewController.m */; };
		99433969134C876200970231 /* HumanPlayer.m in Sources */ = {isa = PBXBuildFile; fileRef = 99433945134C876200970231 /* HumanPlayer.m */; };
		9943396B134C876200970231 /* Map.m in Sources */ = {isa = PBXBuildFile; fileRef = 99433949134C876200970231 /* Map.m */; };
		9943396C134C876200970231 /* MapEditor.m in Sources */ = {isa = PBXBuildFile; fileRef = 9943394B134C876200970231 /* MapEditor.m */; };
		9943396D134C876200970231 /* Multiplayer.m in Sources */ = {isa = PBXBuildFile; fileRef = 9943394D134C876200970231 /* Multiplayer.m */; };
		9943396E134C876200970231 /* Objects.m in Sources */ = {isa = PBXBuildFile; fileRef = 9943394F134C876200970231 /* Objects.m */; };
		9943396F134C876200970231 /* Player.m in Sources */ = {isa = PBXBuildFile; fileRef = 99433951134C876200970231 /* Player.m */; };
		99433970134C876200970231 /* Position.m in Sources */ = {isa = PBXBuildFile; fileRef = 99433953134C876200970231 /* Position.m */; };
		99433971134C876200970231 /* RessourceManager.m in Sources */ = {isa = PBXBuildFile; fileRef = 99433955134C876200970231 /* RessourceManager.m */; };
		99433972134C876200970231 /* Single.m in Sources */ = {isa = PBXBuildFile; fileRef = 99433957134C876200970231 /* Single.m */; };
		99433973134C876200970231 /* Undestructible.m in Sources */ = {isa = PBXBuildFile; fileRef = 99433959134C876200970231 /* Undestructible.m */; };
		9943398F134C889500970231 /* background.png in Resources */ = {isa = PBXBuildFile; fileRef = 99433979134C889500970231 /* background.png */; };
		99433992134C889500970231 /* explosion.png in Resources */ = {isa = PBXBuildFile; fileRef = 9943397C134C889500970231 /* explosion.png */; };
		99433993134C889500970231 /* gamename.png in Resources */ = {isa = PBXBuildFile; fileRef = 9943397D134C889500970231 /* gamename.png */; };
		99433995134C889500970231 /* inanimate.png in Resources */ = {isa = PBXBuildFile; fileRef = 9943397F134C889500970231 /* inanimate.png */; };
		9943399F134C889500970231 /* bitmaps.xml in Resources */ = {isa = PBXBuildFile; fileRef = 9943398A134C889500970231 /* bitmaps.xml */; };
		994339A2134C889500970231 /* players.xml in Resources */ = {isa = PBXBuildFile; fileRef = 9943398D134C889500970231 /* players.xml */; };
		994339A5134C953000970231 /* XmlParser.m in Sources */ = {isa = PBXBuildFile; fileRef = 994339A4134C952E00970231 /* XmlParser.m */; };
		994497C61356EE0B00B6BF6C /* GlobalGameViewControllerSingle.m in Sources */ = {isa = PBXBuildFile; fileRef = 994497C51356EE0A00B6BF6C /* GlobalGameViewControllerSingle.m */; };
		995FAC5E135C2E8000FA8557 /* animate.png in Resources */ = {isa = PBXBuildFile; fileRef = 995FAC5C135C2E7F00FA8557 /* animate.png */; };
		995FAC5F135C2E8000FA8557 /* bombs.png in Resources */ = {isa = PBXBuildFile; fileRef = 995FAC5D135C2E7F00FA8557 /* bombs.png */; };
		995FAC61135C2EA900FA8557 /* bombs.xml in Resources */ = {isa = PBXBuildFile; fileRef = 995FAC60135C2EA900FA8557 /* bombs.xml */; };
		99ABA0D7135334970052E45F /* OptionsMenuViewController.m in Sources */ = {isa = PBXBuildFile; fileRef = 1846A7E5134C631900D35626 /* OptionsMenuViewController.m */; };
		99ABA0D8135334CE0052E45F /* SinglePlayerMenuViewController.m in Sources */ = {isa = PBXBuildFile; fileRef = 18412F1D13519CE6002C49D7 /* SinglePlayerMenuViewController.m */; };
		99ABA0D9135334D80052E45F /* SelectMapViewController.m in Sources */ = {isa = PBXBuildFile; fileRef = 18412F1A13519834002C49D7 /* SelectMapViewController.m */; };
		99ABA0DA135334E00052E45F /* SinglePlayerMenuView.m in Sources */ = {isa = PBXBuildFile; fileRef = 187138CE135204D50011FAC1 /* SinglePlayerMenuView.m */; };
		99ABA0DB135334E70052E45F /* AccountManagementMenuViewController.m in Sources */ = {isa = PBXBuildFile; fileRef = 1846A7F1134C6C4E00D35626 /* AccountManagementMenuViewController.m */; };
		99ABA0DC135334EF0052E45F /* SettingGameViewController.m in Sources */ = {isa = PBXBuildFile; fileRef = 18543B2F1350C9350038CC61 /* SettingGameViewController.m */; };
/* End PBXBuildFile section */

/* Begin PBXFileReference section */
		18412F1913519834002C49D7 /* SelectMapViewController.h */ = {isa = PBXFileReference; fileEncoding = 4; lastKnownFileType = sourcecode.c.h; path = SelectMapViewController.h; sourceTree = "<group>"; };
		18412F1A13519834002C49D7 /* SelectMapViewController.m */ = {isa = PBXFileReference; fileEncoding = 4; lastKnownFileType = sourcecode.c.objc; path = SelectMapViewController.m; sourceTree = "<group>"; };
		18412F1D13519CE6002C49D7 /* SinglePlayerMenuViewController.m */ = {isa = PBXFileReference; fileEncoding = 4; lastKnownFileType = sourcecode.c.objc; path = SinglePlayerMenuViewController.m; sourceTree = "<group>"; };
		18412F1E13519CE6002C49D7 /* SinglePlayerMenuViewController.xib */ = {isa = PBXFileReference; fileEncoding = 4; lastKnownFileType = file.xib; path = SinglePlayerMenuViewController.xib; sourceTree = "<group>"; };
		18412F2113519D30002C49D7 /* SinglePlayerMenuViewController.h */ = {isa = PBXFileReference; fileEncoding = 4; lastKnownFileType = sourcecode.c.h; path = SinglePlayerMenuViewController.h; sourceTree = "<group>"; };
		1846A7BC134B6F4D00D35626 /* ChangePlayerMenuViewController.h */ = {isa = PBXFileReference; fileEncoding = 4; lastKnownFileType = sourcecode.c.h; name = ChangePlayerMenuViewController.h; path = BomberKlob.xcodeproj/ChangePlayerMenuViewController.h; sourceTree = "<group>"; };
		1846A7BD134B6F4D00D35626 /* ChangePlayerMenuViewController.m */ = {isa = PBXFileReference; fileEncoding = 4; lastKnownFileType = sourcecode.c.objc; name = ChangePlayerMenuViewController.m; path = BomberKlob.xcodeproj/ChangePlayerMenuViewController.m; sourceTree = "<group>"; };
		1846A7E4134C631900D35626 /* OptionsMenuViewController.h */ = {isa = PBXFileReference; fileEncoding = 4; lastKnownFileType = sourcecode.c.h; path = OptionsMenuViewController.h; sourceTree = "<group>"; };
		1846A7E5134C631900D35626 /* OptionsMenuViewController.m */ = {isa = PBXFileReference; fileEncoding = 4; lastKnownFileType = sourcecode.c.objc; path = OptionsMenuViewController.m; sourceTree = "<group>"; };
		1846A7EA134C635400D35626 /* en */ = {isa = PBXFileReference; lastKnownFileType = file.xib; name = en; path = en.lproj/ChangePlayerMenuViewController.xib; sourceTree = "<group>"; };
		1846A7ED134C636800D35626 /* en */ = {isa = PBXFileReference; lastKnownFileType = file.xib; name = en; path = en.lproj/OptionsMenuViewController.xib; sourceTree = "<group>"; };
		1846A7F0134C6C4E00D35626 /* AccountManagementMenuViewController.h */ = {isa = PBXFileReference; fileEncoding = 4; lastKnownFileType = sourcecode.c.h; path = AccountManagementMenuViewController.h; sourceTree = "<group>"; };
		1846A7F1134C6C4E00D35626 /* AccountManagementMenuViewController.m */ = {isa = PBXFileReference; fileEncoding = 4; lastKnownFileType = sourcecode.c.objc; path = AccountManagementMenuViewController.m; sourceTree = "<group>"; };
		1846A7F6134C6C7700D35626 /* en */ = {isa = PBXFileReference; lastKnownFileType = file.xib; name = en; path = en.lproj/AccountManagementMenuViewController.xib; sourceTree = "<group>"; };
		184A63A21347AF34000F5C50 /* libsqlite3.dylib */ = {isa = PBXFileReference; lastKnownFileType = "compiled.mach-o.dylib"; name = libsqlite3.dylib; path = usr/lib/libsqlite3.dylib; sourceTree = SDKROOT; };
		18543B111350A2E90038CC61 /* AVFoundation.framework */ = {isa = PBXFileReference; lastKnownFileType = wrapper.framework; name = AVFoundation.framework; path = System/Library/Frameworks/AVFoundation.framework; sourceTree = SDKROOT; };
		18543B2E1350C9350038CC61 /* SettingGameViewController.h */ = {isa = PBXFileReference; fileEncoding = 4; lastKnownFileType = sourcecode.c.h; path = SettingGameViewController.h; sourceTree = "<group>"; };
		18543B2F1350C9350038CC61 /* SettingGameViewController.m */ = {isa = PBXFileReference; fileEncoding = 4; lastKnownFileType = sourcecode.c.objc; path = SettingGameViewController.m; sourceTree = "<group>"; };
		18592AA41359DC7B00A20BB1 /* Maps */ = {isa = PBXFileReference; lastKnownFileType = folder; path = Maps; sourceTree = "<group>"; };
		18592AA51359DC7B00A20BB1 /* Sounds */ = {isa = PBXFileReference; lastKnownFileType = folder; path = Sounds; sourceTree = "<group>"; };
		185EEC951348A98D007A1C67 /* DataBase.h */ = {isa = PBXFileReference; fileEncoding = 4; lastKnownFileType = sourcecode.c.h; path = DataBase.h; sourceTree = "<group>"; };
		185EEC961348A98D007A1C67 /* DataBase.m */ = {isa = PBXFileReference; fileEncoding = 4; lastKnownFileType = sourcecode.c.objc; path = DataBase.m; sourceTree = "<group>"; };
		186E7CD01345313F004B873F /* DBSystem.h */ = {isa = PBXFileReference; fileEncoding = 4; lastKnownFileType = sourcecode.c.h; path = DBSystem.h; sourceTree = "<group>"; };
		186E7CD11345313F004B873F /* DBSystem.m */ = {isa = PBXFileReference; fileEncoding = 4; lastKnownFileType = sourcecode.c.objc; path = DBSystem.m; sourceTree = "<group>"; };
		187138CD135204D50011FAC1 /* SinglePlayerMenuView.h */ = {isa = PBXFileReference; fileEncoding = 4; lastKnownFileType = sourcecode.c.h; path = SinglePlayerMenuView.h; sourceTree = "<group>"; };
		187138CE135204D50011FAC1 /* SinglePlayerMenuView.m */ = {isa = PBXFileReference; fileEncoding = 4; lastKnownFileType = sourcecode.c.objc; path = SinglePlayerMenuView.m; sourceTree = "<group>"; };
		187A72D7134117800020D828 /* DBUser.h */ = {isa = PBXFileReference; fileEncoding = 4; lastKnownFileType = sourcecode.c.h; path = DBUser.h; sourceTree = "<group>"; };
		187A72D8134117800020D828 /* DBUser.m */ = {isa = PBXFileReference; fileEncoding = 4; lastKnownFileType = sourcecode.c.objc; path = DBUser.m; sourceTree = "<group>"; };
		187A72E51341312D0020D828 /* MainMenuViewController.h */ = {isa = PBXFileReference; fileEncoding = 4; lastKnownFileType = sourcecode.c.h; path = MainMenuViewController.h; sourceTree = "<group>"; };
		187A72E61341312D0020D828 /* MainMenuViewController.m */ = {isa = PBXFileReference; fileEncoding = 4; lastKnownFileType = sourcecode.c.objc; path = MainMenuViewController.m; sourceTree = "<group>"; };
		187A72EB1341315C0020D828 /* en */ = {isa = PBXFileReference; lastKnownFileType = file.xib; name = en; path = en.lproj/MainMenuViewController.xib; sourceTree = "<group>"; };
		187A72F5134131D00020D828 /* fr */ = {isa = PBXFileReference; lastKnownFileType = file.xib; name = fr; path = fr.lproj/CreateAccountOfflineMenuViewController.xib; sourceTree = "<group>"; };
		187A72F613413DCA0020D828 /* fr */ = {isa = PBXFileReference; lastKnownFileType = text.plist.strings; name = fr; path = fr.lproj/InfoPlist.strings; sourceTree = "<group>"; };
		1888557F134106E500DA88B9 /* CreateAccountOfflineMenuViewController.h */ = {isa = PBXFileReference; fileEncoding = 4; lastKnownFileType = sourcecode.c.h; path = CreateAccountOfflineMenuViewController.h; sourceTree = "<group>"; };
		18885580134106E500DA88B9 /* CreateAccountOfflineMenuViewController.m */ = {isa = PBXFileReference; fileEncoding = 4; lastKnownFileType = sourcecode.c.objc; path = CreateAccountOfflineMenuViewController.m; sourceTree = "<group>"; };
		18885587134107BE00DA88B9 /* en */ = {isa = PBXFileReference; lastKnownFileType = file.xib; name = en; path = en.lproj/CreateAccountOfflineMenuViewController.xib; sourceTree = "<group>"; };
		1890E7521359FE02002F78B9 /* EditorInformation.h */ = {isa = PBXFileReference; fileEncoding = 4; lastKnownFileType = sourcecode.c.h; path = EditorInformation.h; sourceTree = "<group>"; };
		1890E7531359FE02002F78B9 /* EditorInformation.m */ = {isa = PBXFileReference; fileEncoding = 4; lastKnownFileType = sourcecode.c.objc; path = EditorInformation.m; sourceTree = "<group>"; };
		1890E7551359FE1A002F78B9 /* EditorAction.h */ = {isa = PBXFileReference; fileEncoding = 4; lastKnownFileType = sourcecode.c.h; path = EditorAction.h; sourceTree = "<group>"; };
		1890E7561359FE1A002F78B9 /* EditorAction.m */ = {isa = PBXFileReference; fileEncoding = 4; lastKnownFileType = sourcecode.c.objc; path = EditorAction.m; sourceTree = "<group>"; };
		1890E7581359FF20002F78B9 /* EditorMapZone.h */ = {isa = PBXFileReference; fileEncoding = 4; lastKnownFileType = sourcecode.c.h; path = EditorMapZone.h; sourceTree = "<group>"; };
		1890E7591359FF20002F78B9 /* EditorMapZone.m */ = {isa = PBXFileReference; fileEncoding = 4; lastKnownFileType = sourcecode.c.objc; path = EditorMapZone.m; sourceTree = "<group>"; };
		1890E75B135A02CB002F78B9 /* EditorMapZoneView.h */ = {isa = PBXFileReference; fileEncoding = 4; lastKnownFileType = sourcecode.c.h; path = EditorMapZoneView.h; sourceTree = "<group>"; };
		1890E75C135A02CB002F78B9 /* EditorMapZoneView.m */ = {isa = PBXFileReference; fileEncoding = 4; lastKnownFileType = sourcecode.c.objc; path = EditorMapZoneView.m; sourceTree = "<group>"; };
		1890E75E135A02EF002F78B9 /* EditorInformationView.h */ = {isa = PBXFileReference; fileEncoding = 4; lastKnownFileType = sourcecode.c.h; path = EditorInformationView.h; sourceTree = "<group>"; };
		1890E75F135A02EF002F78B9 /* EditorInformationView.m */ = {isa = PBXFileReference; fileEncoding = 4; lastKnownFileType = sourcecode.c.objc; path = EditorInformationView.m; sourceTree = "<group>"; };
		1890E761135A0303002F78B9 /* EditorActionView.h */ = {isa = PBXFileReference; fileEncoding = 4; lastKnownFileType = sourcecode.c.h; path = EditorActionView.h; sourceTree = "<group>"; };
		1890E762135A0303002F78B9 /* EditorActionView.m */ = {isa = PBXFileReference; fileEncoding = 4; lastKnownFileType = sourcecode.c.objc; path = EditorActionView.m; sourceTree = "<group>"; };
		1890E764135C6012002F78B9 /* PauseMenu.h */ = {isa = PBXFileReference; fileEncoding = 4; lastKnownFileType = sourcecode.c.h; path = PauseMenu.h; sourceTree = "<group>"; };
		1890E765135C6013002F78B9 /* PauseMenu.m */ = {isa = PBXFileReference; fileEncoding = 4; lastKnownFileType = sourcecode.c.objc; path = PauseMenu.m; sourceTree = "<group>"; };
		1890E767135C6037002F78B9 /* PauseMenuView.h */ = {isa = PBXFileReference; fileEncoding = 4; lastKnownFileType = sourcecode.c.h; path = PauseMenuView.h; sourceTree = "<group>"; };
		1890E768135C6038002F78B9 /* PauseMenuView.m */ = {isa = PBXFileReference; fileEncoding = 4; lastKnownFileType = sourcecode.c.objc; path = PauseMenuView.m; sourceTree = "<group>"; };
		1890E76B135C9E36002F78B9 /* EditorMenuViewController.h */ = {isa = PBXFileReference; fileEncoding = 4; lastKnownFileType = sourcecode.c.h; path = EditorMenuViewController.h; sourceTree = "<group>"; };
		1890E76C135C9E36002F78B9 /* EditorMenuViewController.m */ = {isa = PBXFileReference; fileEncoding = 4; lastKnownFileType = sourcecode.c.objc; path = EditorMenuViewController.m; sourceTree = "<group>"; };
		1890E76D135C9E36002F78B9 /* EditorMenuViewController.xib */ = {isa = PBXFileReference; fileEncoding = 4; lastKnownFileType = file.xib; path = EditorMenuViewController.xib; sourceTree = "<group>"; };
		1890E771135CB2EC002F78B9 /* LoadMapEditorMenuViewController.h */ = {isa = PBXFileReference; fileEncoding = 4; lastKnownFileType = sourcecode.c.h; path = LoadMapEditorMenuViewController.h; sourceTree = "<group>"; };
		1890E772135CB2EC002F78B9 /* LoadMapEditorMenuViewController.m */ = {isa = PBXFileReference; fileEncoding = 4; lastKnownFileType = sourcecode.c.objc; path = LoadMapEditorMenuViewController.m; sourceTree = "<group>"; };
		1890E776135CB5AF002F78B9 /* LoadMapEditorMenuView.h */ = {isa = PBXFileReference; fileEncoding = 4; lastKnownFileType = sourcecode.c.h; path = LoadMapEditorMenuView.h; sourceTree = "<group>"; };
		1890E777135CB5AF002F78B9 /* LoadMapEditorMenuView.m */ = {isa = PBXFileReference; fileEncoding = 4; lastKnownFileType = sourcecode.c.objc; path = LoadMapEditorMenuView.m; sourceTree = "<group>"; };
		1890E779135CB724002F78B9 /* LoadMapEditorMenuViewController.xib */ = {isa = PBXFileReference; fileEncoding = 4; lastKnownFileType = file.xib; path = LoadMapEditorMenuViewController.xib; sourceTree = "<group>"; };
		18ADE84E13534575001AF150 /* icon.png */ = {isa = PBXFileReference; lastKnownFileType = image.png; path = icon.png; sourceTree = "<group>"; };
		18C839C413410263001D5747 /* BomberKlob.app */ = {isa = PBXFileReference; explicitFileType = wrapper.application; includeInIndex = 0; path = BomberKlob.app; sourceTree = BUILT_PRODUCTS_DIR; };
		18C839C813410263001D5747 /* UIKit.framework */ = {isa = PBXFileReference; lastKnownFileType = wrapper.framework; name = UIKit.framework; path = System/Library/Frameworks/UIKit.framework; sourceTree = SDKROOT; };
		18C839CA13410263001D5747 /* Foundation.framework */ = {isa = PBXFileReference; lastKnownFileType = wrapper.framework; name = Foundation.framework; path = System/Library/Frameworks/Foundation.framework; sourceTree = SDKROOT; };
		18C839CC13410263001D5747 /* CoreGraphics.framework */ = {isa = PBXFileReference; lastKnownFileType = wrapper.framework; name = CoreGraphics.framework; path = System/Library/Frameworks/CoreGraphics.framework; sourceTree = SDKROOT; };
		18C839D013410263001D5747 /* BomberKlob-Info.plist */ = {isa = PBXFileReference; lastKnownFileType = text.plist.xml; path = "BomberKlob-Info.plist"; sourceTree = "<group>"; };
		18C839D213410263001D5747 /* en */ = {isa = PBXFileReference; lastKnownFileType = text.plist.strings; name = en; path = en.lproj/InfoPlist.strings; sourceTree = "<group>"; };
		18C839D413410263001D5747 /* BomberKlob-Prefix.pch */ = {isa = PBXFileReference; lastKnownFileType = sourcecode.c.h; path = "BomberKlob-Prefix.pch"; sourceTree = "<group>"; };
		18C839D513410263001D5747 /* main.m */ = {isa = PBXFileReference; lastKnownFileType = sourcecode.c.objc; path = main.m; sourceTree = "<group>"; };
		18C839D713410263001D5747 /* BomberKlobAppDelegate.h */ = {isa = PBXFileReference; lastKnownFileType = sourcecode.c.h; path = BomberKlobAppDelegate.h; sourceTree = "<group>"; };
		18C839D813410263001D5747 /* BomberKlobAppDelegate.m */ = {isa = PBXFileReference; lastKnownFileType = sourcecode.c.objc; path = BomberKlobAppDelegate.m; sourceTree = "<group>"; };
		18C839DB13410263001D5747 /* en */ = {isa = PBXFileReference; lastKnownFileType = file.xib; name = en; path = en.lproj/MainWindow.xib; sourceTree = "<group>"; };
		18F03ED4136C3C4D0030496F /* objects.png */ = {isa = PBXFileReference; lastKnownFileType = image.png; path = objects.png; sourceTree = "<group>"; };
		99225ADA135471C7008B95AA /* players.png */ = {isa = PBXFileReference; lastKnownFileType = image.png; path = players.png; sourceTree = "<group>"; };
		99225ADC135471EC008B95AA /* space.png */ = {isa = PBXFileReference; lastKnownFileType = image.png; path = space.png; sourceTree = "<group>"; };
		992405221353379700011965 /* DBMap.h */ = {isa = PBXFileReference; fileEncoding = 4; lastKnownFileType = sourcecode.c.h; path = DBMap.h; sourceTree = "<group>"; };
		992405231353379700011965 /* DBMap.m */ = {isa = PBXFileReference; fileEncoding = 4; lastKnownFileType = sourcecode.c.objc; path = DBMap.m; sourceTree = "<group>"; };
		99240525135337D700011965 /* Application.h */ = {isa = PBXFileReference; fileEncoding = 4; lastKnownFileType = sourcecode.c.h; path = Application.h; sourceTree = "<group>"; };
		99240526135337D700011965 /* Application.m */ = {isa = PBXFileReference; fileEncoding = 4; lastKnownFileType = sourcecode.c.objc; path = Application.m; sourceTree = "<group>"; };
		99262503136041A600E17F33 /* bomb_button.png */ = {isa = PBXFileReference; lastKnownFileType = image.png; path = bomb_button.png; sourceTree = "<group>"; };
		992625091360808000E17F33 /* PauseMenuGame.h */ = {isa = PBXFileReference; fileEncoding = 4; lastKnownFileType = sourcecode.c.h; path = PauseMenuGame.h; sourceTree = "<group>"; };
		9926250A1360808100E17F33 /* PauseMenuGame.m */ = {isa = PBXFileReference; fileEncoding = 4; lastKnownFileType = sourcecode.c.objc; path = PauseMenuGame.m; sourceTree = "<group>"; };
		9926250C1360816C00E17F33 /* PauseMenuGameView.h */ = {isa = PBXFileReference; fileEncoding = 4; lastKnownFileType = sourcecode.c.h; path = PauseMenuGameView.h; sourceTree = "<group>"; };
		9926250D1360816E00E17F33 /* PauseMenuGameView.m */ = {isa = PBXFileReference; fileEncoding = 4; lastKnownFileType = sourcecode.c.objc; path = PauseMenuGameView.m; sourceTree = "<group>"; };
		992625291362E67E00E17F33 /* objects.xml */ = {isa = PBXFileReference; fileEncoding = 4; lastKnownFileType = text.xml; path = objects.xml; sourceTree = "<group>"; };
		992AFC6E1356415D00D7726C /* GameActionView.h */ = {isa = PBXFileReference; fileEncoding = 4; lastKnownFileType = sourcecode.c.h; path = GameActionView.h; sourceTree = "<group>"; };
		992AFC6F1356415D00D7726C /* GameActionView.m */ = {isa = PBXFileReference; fileEncoding = 4; lastKnownFileType = sourcecode.c.objc; path = GameActionView.m; sourceTree = "<group>"; };
		992AFC721356417100D7726C /* GameActionViewController.h */ = {isa = PBXFileReference; fileEncoding = 4; lastKnownFileType = sourcecode.c.h; path = GameActionViewController.h; sourceTree = "<group>"; };
		992AFC731356417100D7726C /* GameActionViewController.m */ = {isa = PBXFileReference; fileEncoding = 4; lastKnownFileType = sourcecode.c.objc; path = GameActionViewController.m; sourceTree = "<group>"; };
		992AFC751356419E00D7726C /* GameInformationView.h */ = {isa = PBXFileReference; fileEncoding = 4; lastKnownFileType = sourcecode.c.h; path = GameInformationView.h; sourceTree = "<group>"; };
		992AFC761356419E00D7726C /* GameInformationView.m */ = {isa = PBXFileReference; fileEncoding = 4; lastKnownFileType = sourcecode.c.objc; path = GameInformationView.m; sourceTree = "<group>"; };
		992AFC78135641B700D7726C /* GameInformationViewController.h */ = {isa = PBXFileReference; fileEncoding = 4; lastKnownFileType = sourcecode.c.h; path = GameInformationViewController.h; sourceTree = "<group>"; };
		992AFC79135641B700D7726C /* GameInformationViewController.m */ = {isa = PBXFileReference; fileEncoding = 4; lastKnownFileType = sourcecode.c.objc; path = GameInformationViewController.m; sourceTree = "<group>"; };
		99433928134C876200970231 /* AnimationSequence.h */ = {isa = PBXFileReference; fileEncoding = 4; lastKnownFileType = sourcecode.c.h; path = AnimationSequence.h; sourceTree = "<group>"; };
		99433929134C876200970231 /* AnimationSequence.m */ = {isa = PBXFileReference; fileEncoding = 4; lastKnownFileType = sourcecode.c.objc; path = AnimationSequence.m; sourceTree = "<group>"; };
		9943392A134C876200970231 /* Bomb.h */ = {isa = PBXFileReference; fileEncoding = 4; lastKnownFileType = sourcecode.c.h; path = Bomb.h; sourceTree = "<group>"; };
		9943392B134C876200970231 /* Bomb.m */ = {isa = PBXFileReference; fileEncoding = 4; lastKnownFileType = sourcecode.c.objc; path = Bomb.m; sourceTree = "<group>"; };
		9943392C134C876200970231 /* BotPlayer.h */ = {isa = PBXFileReference; fileEncoding = 4; lastKnownFileType = sourcecode.c.h; path = BotPlayer.h; sourceTree = "<group>"; };
		9943392D134C876200970231 /* BotPlayer.m */ = {isa = PBXFileReference; fileEncoding = 4; lastKnownFileType = sourcecode.c.objc; path = BotPlayer.m; sourceTree = "<group>"; };
		9943392E134C876200970231 /* DeathMatch.h */ = {isa = PBXFileReference; fileEncoding = 4; lastKnownFileType = sourcecode.c.h; path = DeathMatch.h; sourceTree = "<group>"; };
		9943392F134C876200970231 /* DeathMatch.m */ = {isa = PBXFileReference; fileEncoding = 4; lastKnownFileType = sourcecode.c.objc; path = DeathMatch.m; sourceTree = "<group>"; };
		99433930134C876200970231 /* Destructible.h */ = {isa = PBXFileReference; fileEncoding = 4; lastKnownFileType = sourcecode.c.h; path = Destructible.h; sourceTree = "<group>"; };
		99433931134C876200970231 /* Destructible.m */ = {isa = PBXFileReference; fileEncoding = 4; lastKnownFileType = sourcecode.c.objc; path = Destructible.m; sourceTree = "<group>"; };
		99433932134C876200970231 /* EditorViewController.h */ = {isa = PBXFileReference; fileEncoding = 4; lastKnownFileType = sourcecode.c.h; path = EditorViewController.h; sourceTree = "<group>"; };
		99433933134C876200970231 /* EditorViewController.m */ = {isa = PBXFileReference; fileEncoding = 4; lastKnownFileType = sourcecode.c.objc; path = EditorViewController.m; sourceTree = "<group>"; };
		99433934134C876200970231 /* Engine.h */ = {isa = PBXFileReference; fileEncoding = 4; lastKnownFileType = sourcecode.c.h; path = Engine.h; sourceTree = "<group>"; };
		99433935134C876200970231 /* Engine.m */ = {isa = PBXFileReference; fileEncoding = 4; lastKnownFileType = sourcecode.c.objc; path = Engine.m; sourceTree = "<group>"; };
		99433936134C876200970231 /* FrameInfo.h */ = {isa = PBXFileReference; fileEncoding = 4; lastKnownFileType = sourcecode.c.h; path = FrameInfo.h; sourceTree = "<group>"; };
		99433937134C876200970231 /* FrameInfo.m */ = {isa = PBXFileReference; fileEncoding = 4; lastKnownFileType = sourcecode.c.objc; path = FrameInfo.m; sourceTree = "<group>"; };
		99433938134C876200970231 /* Game.h */ = {isa = PBXFileReference; fileEncoding = 4; lastKnownFileType = sourcecode.c.h; path = Game.h; sourceTree = "<group>"; };
		99433939134C876200970231 /* Game.m */ = {isa = PBXFileReference; fileEncoding = 4; lastKnownFileType = sourcecode.c.objc; path = Game.m; sourceTree = "<group>"; };
		9943393A134C876200970231 /* GameControllerMultiplayer.h */ = {isa = PBXFileReference; fileEncoding = 4; lastKnownFileType = sourcecode.c.h; path = GameControllerMultiplayer.h; sourceTree = "<group>"; };
		9943393B134C876200970231 /* GameControllerMultiplayer.m */ = {isa = PBXFileReference; fileEncoding = 4; lastKnownFileType = sourcecode.c.objc; path = GameControllerMultiplayer.m; sourceTree = "<group>"; };
		9943393C134C876200970231 /* GameViewControllerSingle.h */ = {isa = PBXFileReference; fileEncoding = 4; lastKnownFileType = sourcecode.c.h; path = GameViewControllerSingle.h; sourceTree = "<group>"; };
		9943393D134C876200970231 /* GameViewControllerSingle.m */ = {isa = PBXFileReference; fileEncoding = 4; lastKnownFileType = sourcecode.c.objc; path = GameViewControllerSingle.m; sourceTree = "<group>"; };
		9943393E134C876200970231 /* GameType.h */ = {isa = PBXFileReference; fileEncoding = 4; lastKnownFileType = sourcecode.c.h; path = GameType.h; sourceTree = "<group>"; };
		9943393F134C876200970231 /* GameType.m */ = {isa = PBXFileReference; fileEncoding = 4; lastKnownFileType = sourcecode.c.objc; path = GameType.m; sourceTree = "<group>"; };
		99433940134C876200970231 /* GameView.h */ = {isa = PBXFileReference; fileEncoding = 4; lastKnownFileType = sourcecode.c.h; path = GameView.h; sourceTree = "<group>"; };
		99433941134C876200970231 /* GameView.m */ = {isa = PBXFileReference; fileEncoding = 4; lastKnownFileType = sourcecode.c.objc; path = GameView.m; sourceTree = "<group>"; };
		99433942134C876200970231 /* GameViewController.h */ = {isa = PBXFileReference; fileEncoding = 4; lastKnownFileType = sourcecode.c.h; path = GameViewController.h; sourceTree = "<group>"; };
		99433943134C876200970231 /* GameViewController.m */ = {isa = PBXFileReference; fileEncoding = 4; lastKnownFileType = sourcecode.c.objc; path = GameViewController.m; sourceTree = "<group>"; };
		99433944134C876200970231 /* HumanPlayer.h */ = {isa = PBXFileReference; fileEncoding = 4; lastKnownFileType = sourcecode.c.h; path = HumanPlayer.h; sourceTree = "<group>"; };
		99433945134C876200970231 /* HumanPlayer.m */ = {isa = PBXFileReference; fileEncoding = 4; lastKnownFileType = sourcecode.c.objc; path = HumanPlayer.m; sourceTree = "<group>"; };
		99433948134C876200970231 /* Map.h */ = {isa = PBXFileReference; fileEncoding = 4; lastKnownFileType = sourcecode.c.h; path = Map.h; sourceTree = "<group>"; };
		99433949134C876200970231 /* Map.m */ = {isa = PBXFileReference; fileEncoding = 4; lastKnownFileType = sourcecode.c.objc; path = Map.m; sourceTree = "<group>"; };
		9943394A134C876200970231 /* MapEditor.h */ = {isa = PBXFileReference; fileEncoding = 4; lastKnownFileType = sourcecode.c.h; path = MapEditor.h; sourceTree = "<group>"; };
		9943394B134C876200970231 /* MapEditor.m */ = {isa = PBXFileReference; fileEncoding = 4; lastKnownFileType = sourcecode.c.objc; path = MapEditor.m; sourceTree = "<group>"; };
		9943394C134C876200970231 /* Multiplayer.h */ = {isa = PBXFileReference; fileEncoding = 4; lastKnownFileType = sourcecode.c.h; path = Multiplayer.h; sourceTree = "<group>"; };
		9943394D134C876200970231 /* Multiplayer.m */ = {isa = PBXFileReference; fileEncoding = 4; lastKnownFileType = sourcecode.c.objc; path = Multiplayer.m; sourceTree = "<group>"; };
		9943394E134C876200970231 /* Objects.h */ = {isa = PBXFileReference; fileEncoding = 4; path = Objects.h; sourceTree = "<group>"; };
		9943394F134C876200970231 /* Objects.m */ = {isa = PBXFileReference; fileEncoding = 4; lastKnownFileType = sourcecode.c.objc; path = Objects.m; sourceTree = "<group>"; };
		99433950134C876200970231 /* Player.h */ = {isa = PBXFileReference; fileEncoding = 4; lastKnownFileType = sourcecode.c.h; path = Player.h; sourceTree = "<group>"; };
		99433951134C876200970231 /* Player.m */ = {isa = PBXFileReference; fileEncoding = 4; lastKnownFileType = sourcecode.c.objc; path = Player.m; sourceTree = "<group>"; };
		99433952134C876200970231 /* Position.h */ = {isa = PBXFileReference; fileEncoding = 4; lastKnownFileType = sourcecode.c.h; path = Position.h; sourceTree = "<group>"; };
		99433953134C876200970231 /* Position.m */ = {isa = PBXFileReference; fileEncoding = 4; lastKnownFileType = sourcecode.c.objc; path = Position.m; sourceTree = "<group>"; };
		99433954134C876200970231 /* RessourceManager.h */ = {isa = PBXFileReference; fileEncoding = 4; lastKnownFileType = sourcecode.c.h; path = RessourceManager.h; sourceTree = "<group>"; };
		99433955134C876200970231 /* RessourceManager.m */ = {isa = PBXFileReference; fileEncoding = 4; lastKnownFileType = sourcecode.c.objc; path = RessourceManager.m; sourceTree = "<group>"; };
		99433956134C876200970231 /* Single.h */ = {isa = PBXFileReference; fileEncoding = 4; lastKnownFileType = sourcecode.c.h; path = Single.h; sourceTree = "<group>"; };
		99433957134C876200970231 /* Single.m */ = {isa = PBXFileReference; fileEncoding = 4; lastKnownFileType = sourcecode.c.objc; path = Single.m; sourceTree = "<group>"; };
		99433958134C876200970231 /* Undestructible.h */ = {isa = PBXFileReference; fileEncoding = 4; lastKnownFileType = sourcecode.c.h; path = Undestructible.h; sourceTree = "<group>"; };
		99433959134C876200970231 /* Undestructible.m */ = {isa = PBXFileReference; fileEncoding = 4; lastKnownFileType = sourcecode.c.objc; path = Undestructible.m; sourceTree = "<group>"; };
		99433979134C889500970231 /* background.png */ = {isa = PBXFileReference; lastKnownFileType = image.png; path = background.png; sourceTree = "<group>"; };
		9943397C134C889500970231 /* explosion.png */ = {isa = PBXFileReference; lastKnownFileType = image.png; path = explosion.png; sourceTree = "<group>"; };
		9943397D134C889500970231 /* gamename.png */ = {isa = PBXFileReference; lastKnownFileType = image.png; path = gamename.png; sourceTree = "<group>"; };
		9943397F134C889500970231 /* inanimate.png */ = {isa = PBXFileReference; lastKnownFileType = image.png; path = inanimate.png; sourceTree = "<group>"; };
		9943398A134C889500970231 /* bitmaps.xml */ = {isa = PBXFileReference; fileEncoding = 4; lastKnownFileType = text.xml; path = bitmaps.xml; sourceTree = "<group>"; };
		9943398D134C889500970231 /* players.xml */ = {isa = PBXFileReference; fileEncoding = 4; lastKnownFileType = text.xml; path = players.xml; sourceTree = "<group>"; };
		994339A3134C952D00970231 /* XmlParser.h */ = {isa = PBXFileReference; fileEncoding = 4; lastKnownFileType = sourcecode.c.h; path = XmlParser.h; sourceTree = "<group>"; };
		994339A4134C952E00970231 /* XmlParser.m */ = {isa = PBXFileReference; fileEncoding = 4; lastKnownFileType = sourcecode.c.objc; path = XmlParser.m; sourceTree = "<group>"; };
		994497C41356EE0A00B6BF6C /* GlobalGameViewControllerSingle.h */ = {isa = PBXFileReference; fileEncoding = 4; lastKnownFileType = sourcecode.c.h; path = GlobalGameViewControllerSingle.h; sourceTree = "<group>"; };
		994497C51356EE0A00B6BF6C /* GlobalGameViewControllerSingle.m */ = {isa = PBXFileReference; fileEncoding = 4; lastKnownFileType = sourcecode.c.objc; path = GlobalGameViewControllerSingle.m; sourceTree = "<group>"; };
		995FAC5C135C2E7F00FA8557 /* animate.png */ = {isa = PBXFileReference; lastKnownFileType = image.png; path = animate.png; sourceTree = "<group>"; };
		995FAC5D135C2E7F00FA8557 /* bombs.png */ = {isa = PBXFileReference; lastKnownFileType = image.png; path = bombs.png; sourceTree = "<group>"; };
		995FAC60135C2EA900FA8557 /* bombs.xml */ = {isa = PBXFileReference; fileEncoding = 4; lastKnownFileType = text.xml; path = bombs.xml; sourceTree = "<group>"; };
/* End PBXFileReference section */

/* Begin PBXFrameworksBuildPhase section */
		18C839C113410263001D5747 /* Frameworks */ = {
			isa = PBXFrameworksBuildPhase;
			buildActionMask = 2147483647;
			files = (
				18543B121350A2E90038CC61 /* AVFoundation.framework in Frameworks */,
				184A63A31347AF34000F5C50 /* libsqlite3.dylib in Frameworks */,
				18C839C913410263001D5747 /* UIKit.framework in Frameworks */,
				18C839CB13410263001D5747 /* Foundation.framework in Frameworks */,
				18C839CD13410263001D5747 /* CoreGraphics.framework in Frameworks */,
			);
			runOnlyForDeploymentPostprocessing = 0;
		};
/* End PBXFrameworksBuildPhase section */

/* Begin PBXGroup section */
		1846A7C2134B6F5700D35626 /* ChangePlayerMenu */ = {
			isa = PBXGroup;
			children = (
				1846A7BC134B6F4D00D35626 /* ChangePlayerMenuViewController.h */,
				1846A7BD134B6F4D00D35626 /* ChangePlayerMenuViewController.m */,
				1846A7EB134C635400D35626 /* ChangePlayerMenuViewController.xib */,
			);
			name = ChangePlayerMenu;
			path = ..;
			sourceTree = "<group>";
		};
		1846A7E3134C62F600D35626 /* OptionsMenu */ = {
			isa = PBXGroup;
			children = (
				1846A7E4134C631900D35626 /* OptionsMenuViewController.h */,
				1846A7E5134C631900D35626 /* OptionsMenuViewController.m */,
				1846A7EE134C636800D35626 /* OptionsMenuViewController.xib */,
			);
			name = OptionsMenu;
			sourceTree = "<group>";
		};
		1846A7EF134C6C3600D35626 /* AccountManagementMenu */ = {
			isa = PBXGroup;
			children = (
				1846A7F0134C6C4E00D35626 /* AccountManagementMenuViewController.h */,
				1846A7F1134C6C4E00D35626 /* AccountManagementMenuViewController.m */,
				1846A7F7134C6C7700D35626 /* AccountManagementMenuViewController.xib */,
			);
			name = AccountManagementMenu;
			sourceTree = "<group>";
		};
		18543B251350C7610038CC61 /* SinglePlayerMenu */ = {
			isa = PBXGroup;
			children = (
				18412F2113519D30002C49D7 /* SinglePlayerMenuViewController.h */,
				18412F1D13519CE6002C49D7 /* SinglePlayerMenuViewController.m */,
				18412F1E13519CE6002C49D7 /* SinglePlayerMenuViewController.xib */,
				18412F1913519834002C49D7 /* SelectMapViewController.h */,
				18412F1A13519834002C49D7 /* SelectMapViewController.m */,
				187138CD135204D50011FAC1 /* SinglePlayerMenuView.h */,
				187138CE135204D50011FAC1 /* SinglePlayerMenuView.m */,
				18543B2E1350C9350038CC61 /* SettingGameViewController.h */,
				18543B2F1350C9350038CC61 /* SettingGameViewController.m */,
			);
			name = SinglePlayerMenu;
			sourceTree = "<group>";
		};
		187A72D2134117400020D828 /* ModelMenu */ = {
			isa = PBXGroup;
			children = (
				99240525135337D700011965 /* Application.h */,
				99240526135337D700011965 /* Application.m */,
				185EEC951348A98D007A1C67 /* DataBase.h */,
				185EEC961348A98D007A1C67 /* DataBase.m */,
				992405221353379700011965 /* DBMap.h */,
				992405231353379700011965 /* DBMap.m */,
				186E7CD01345313F004B873F /* DBSystem.h */,
				186E7CD11345313F004B873F /* DBSystem.m */,
				187A72D7134117800020D828 /* DBUser.h */,
				187A72D8134117800020D828 /* DBUser.m */,
			);
			name = ModelMenu;
			sourceTree = "<group>";
		};
		187A72E2134131020020D828 /* MainMenu */ = {
			isa = PBXGroup;
			children = (
				187A72E51341312D0020D828 /* MainMenuViewController.h */,
				187A72E61341312D0020D828 /* MainMenuViewController.m */,
				187A72EC1341315C0020D828 /* MainMenuViewController.xib */,
			);
			name = MainMenu;
			sourceTree = "<group>";
		};
		18819AC8134103CA00CBAF1D /* AppDelegate */ = {
			isa = PBXGroup;
			children = (
				18C839D713410263001D5747 /* BomberKlobAppDelegate.h */,
				18C839D813410263001D5747 /* BomberKlobAppDelegate.m */,
				18C839DA13410263001D5747 /* MainWindow.xib */,
			);
			name = AppDelegate;
			sourceTree = "<group>";
		};
		188855851341071700DA88B9 /* CreateAccountMenu */ = {
			isa = PBXGroup;
			children = (
				1888557F134106E500DA88B9 /* CreateAccountOfflineMenuViewController.h */,
				18885580134106E500DA88B9 /* CreateAccountOfflineMenuViewController.m */,
				18885588134107BE00DA88B9 /* CreateAccountOfflineMenuViewController.xib */,
			);
			name = CreateAccountMenu;
			sourceTree = "<group>";
		};
		1890E76A135C9D81002F78B9 /* EditorMenu */ = {
			isa = PBXGroup;
			children = (
				1890E76B135C9E36002F78B9 /* EditorMenuViewController.h */,
				1890E76C135C9E36002F78B9 /* EditorMenuViewController.m */,
				1890E76D135C9E36002F78B9 /* EditorMenuViewController.xib */,
			);
			name = EditorMenu;
			sourceTree = "<group>";
		};
		1890E770135CB286002F78B9 /* LoadMapEditorMenu */ = {
			isa = PBXGroup;
			children = (
				1890E771135CB2EC002F78B9 /* LoadMapEditorMenuViewController.h */,
				1890E772135CB2EC002F78B9 /* LoadMapEditorMenuViewController.m */,
				1890E779135CB724002F78B9 /* LoadMapEditorMenuViewController.xib */,
				1890E776135CB5AF002F78B9 /* LoadMapEditorMenuView.h */,
				1890E777135CB5AF002F78B9 /* LoadMapEditorMenuView.m */,
			);
			name = LoadMapEditorMenu;
			sourceTree = "<group>";
		};
		18C839B913410263001D5747 = {
			isa = PBXGroup;
			children = (
				18C839CE13410263001D5747 /* BomberKlob */,
				18C839C713410263001D5747 /* Frameworks */,
				18C839C513410263001D5747 /* Products */,
			);
			sourceTree = "<group>";
		};
		18C839C513410263001D5747 /* Products */ = {
			isa = PBXGroup;
			children = (
				18C839C413410263001D5747 /* BomberKlob.app */,
			);
			name = Products;
			sourceTree = "<group>";
		};
		18C839C713410263001D5747 /* Frameworks */ = {
			isa = PBXGroup;
			children = (
				18543B111350A2E90038CC61 /* AVFoundation.framework */,
				184A63A21347AF34000F5C50 /* libsqlite3.dylib */,
				18C839C813410263001D5747 /* UIKit.framework */,
				18C839CA13410263001D5747 /* Foundation.framework */,
				18C839CC13410263001D5747 /* CoreGraphics.framework */,
			);
			name = Frameworks;
			sourceTree = "<group>";
		};
		18C839CE13410263001D5747 /* BomberKlob */ = {
			isa = PBXGroup;
			children = (
				99433975134C87AE00970231 /* Body */,
				99433974134C877000970231 /* Object */,
				187A72D2134117400020D828 /* ModelMenu */,
				188855851341071700DA88B9 /* CreateAccountMenu */,
				187A72E2134131020020D828 /* MainMenu */,
				18543B251350C7610038CC61 /* SinglePlayerMenu */,
				992625061360535100E17F33 /* GameSingle */,
				1846A7E3134C62F600D35626 /* OptionsMenu */,
				1890E76A135C9D81002F78B9 /* EditorMenu */,
				1890E770135CB286002F78B9 /* LoadMapEditorMenu */,
				99225AE613547785008B95AA /* Editor */,
				1846A7EF134C6C3600D35626 /* AccountManagementMenu */,
				1846A7C2134B6F5700D35626 /* ChangePlayerMenu */,
				18819AC8134103CA00CBAF1D /* AppDelegate */,
				99433976134C889500970231 /* Resources */,
				18C839CF13410263001D5747 /* Supporting Files */,
			);
			path = BomberKlob;
			sourceTree = "<group>";
		};
		18C839CF13410263001D5747 /* Supporting Files */ = {
			isa = PBXGroup;
			children = (
				18592AA41359DC7B00A20BB1 /* Maps */,
				18592AA51359DC7B00A20BB1 /* Sounds */,
				18C839D013410263001D5747 /* BomberKlob-Info.plist */,
				18C839D113410263001D5747 /* InfoPlist.strings */,
				18C839D413410263001D5747 /* BomberKlob-Prefix.pch */,
				18C839D513410263001D5747 /* main.m */,
			);
			name = "Supporting Files";
			sourceTree = "<group>";
		};
		99225AE613547785008B95AA /* Editor */ = {
			isa = PBXGroup;
			children = (
				99433932134C876200970231 /* EditorViewController.h */,
				99433933134C876200970231 /* EditorViewController.m */,
				1890E7581359FF20002F78B9 /* EditorMapZone.h */,
				1890E7591359FF20002F78B9 /* EditorMapZone.m */,
				1890E75B135A02CB002F78B9 /* EditorMapZoneView.h */,
				1890E75C135A02CB002F78B9 /* EditorMapZoneView.m */,
				1890E7551359FE1A002F78B9 /* EditorAction.h */,
				1890E7561359FE1A002F78B9 /* EditorAction.m */,
				1890E761135A0303002F78B9 /* EditorActionView.h */,
				1890E762135A0303002F78B9 /* EditorActionView.m */,
				1890E7521359FE02002F78B9 /* EditorInformation.h */,
				1890E7531359FE02002F78B9 /* EditorInformation.m */,
				1890E75E135A02EF002F78B9 /* EditorInformationView.h */,
				1890E75F135A02EF002F78B9 /* EditorInformationView.m */,
				1890E764135C6012002F78B9 /* PauseMenu.h */,
				1890E765135C6013002F78B9 /* PauseMenu.m */,
				1890E767135C6037002F78B9 /* PauseMenuView.h */,
				1890E768135C6038002F78B9 /* PauseMenuView.m */,
			);
			name = Editor;
			sourceTree = "<group>";
		};
		992625061360535100E17F33 /* GameSingle */ = {
			isa = PBXGroup;
			children = (
				994497C41356EE0A00B6BF6C /* GlobalGameViewControllerSingle.h */,
				994497C51356EE0A00B6BF6C /* GlobalGameViewControllerSingle.m */,
				99433940134C876200970231 /* GameView.h */,
				99433941134C876200970231 /* GameView.m */,
				9943393C134C876200970231 /* GameViewControllerSingle.h */,
				9943393D134C876200970231 /* GameViewControllerSingle.m */,
				992AFC6E1356415D00D7726C /* GameActionView.h */,
				992AFC6F1356415D00D7726C /* GameActionView.m */,
				992AFC721356417100D7726C /* GameActionViewController.h */,
				992AFC731356417100D7726C /* GameActionViewController.m */,
				992AFC751356419E00D7726C /* GameInformationView.h */,
				992AFC761356419E00D7726C /* GameInformationView.m */,
				992AFC78135641B700D7726C /* GameInformationViewController.h */,
				992AFC79135641B700D7726C /* GameInformationViewController.m */,
				992625091360808000E17F33 /* PauseMenuGame.h */,
				9926250A1360808100E17F33 /* PauseMenuGame.m */,
				9926250C1360816C00E17F33 /* PauseMenuGameView.h */,
				9926250D1360816E00E17F33 /* PauseMenuGameView.m */,
			);
			name = GameSingle;
			sourceTree = "<group>";
		};
		99433974134C877000970231 /* Object */ = {
			isa = PBXGroup;
			children = (
				99433928134C876200970231 /* AnimationSequence.h */,
				99433929134C876200970231 /* AnimationSequence.m */,
				9943392A134C876200970231 /* Bomb.h */,
				9943392B134C876200970231 /* Bomb.m */,
				99433930134C876200970231 /* Destructible.h */,
				99433931134C876200970231 /* Destructible.m */,
				99433936134C876200970231 /* FrameInfo.h */,
				99433937134C876200970231 /* FrameInfo.m */,
				9943394E134C876200970231 /* Objects.h */,
				9943394F134C876200970231 /* Objects.m */,
				99433958134C876200970231 /* Undestructible.h */,
				99433959134C876200970231 /* Undestructible.m */,
			);
			name = Object;
			sourceTree = "<group>";
		};
		99433975134C87AE00970231 /* Body */ = {
			isa = PBXGroup;
			children = (
				9943392C134C876200970231 /* BotPlayer.h */,
				9943392D134C876200970231 /* BotPlayer.m */,
				9943392E134C876200970231 /* DeathMatch.h */,
				9943392F134C876200970231 /* DeathMatch.m */,
				99433934134C876200970231 /* Engine.h */,
				99433935134C876200970231 /* Engine.m */,
				99433938134C876200970231 /* Game.h */,
				99433939134C876200970231 /* Game.m */,
				9943393A134C876200970231 /* GameControllerMultiplayer.h */,
				9943393B134C876200970231 /* GameControllerMultiplayer.m */,
				9943393E134C876200970231 /* GameType.h */,
				9943393F134C876200970231 /* GameType.m */,
				99433942134C876200970231 /* GameViewController.h */,
				99433943134C876200970231 /* GameViewController.m */,
				99433944134C876200970231 /* HumanPlayer.h */,
				99433945134C876200970231 /* HumanPlayer.m */,
				99433948134C876200970231 /* Map.h */,
				99433949134C876200970231 /* Map.m */,
				9943394A134C876200970231 /* MapEditor.h */,
				9943394B134C876200970231 /* MapEditor.m */,
				9943394C134C876200970231 /* Multiplayer.h */,
				9943394D134C876200970231 /* Multiplayer.m */,
				99433950134C876200970231 /* Player.h */,
				99433951134C876200970231 /* Player.m */,
				99433952134C876200970231 /* Position.h */,
				99433953134C876200970231 /* Position.m */,
				99433954134C876200970231 /* RessourceManager.h */,
				99433955134C876200970231 /* RessourceManager.m */,
				99433956134C876200970231 /* Single.h */,
				99433957134C876200970231 /* Single.m */,
				994339A3134C952D00970231 /* XmlParser.h */,
				994339A4134C952E00970231 /* XmlParser.m */,
			);
			name = Body;
			sourceTree = "<group>";
		};
		99433976134C889500970231 /* Resources */ = {
			isa = PBXGroup;
			children = (
				18ADE84E13534575001AF150 /* icon.png */,
				99433977134C889500970231 /* sprites */,
				99433988134C889500970231 /* xml */,
			);
			path = Resources;
			sourceTree = "<group>";
		};
		99433977134C889500970231 /* sprites */ = {
			isa = PBXGroup;
			children = (
				18F03ED4136C3C4D0030496F /* objects.png */,
				99262503136041A600E17F33 /* bomb_button.png */,
				995FAC5C135C2E7F00FA8557 /* animate.png */,
				995FAC5D135C2E7F00FA8557 /* bombs.png */,
				99225ADC135471EC008B95AA /* space.png */,
				99225ADA135471C7008B95AA /* players.png */,
				99433979134C889500970231 /* background.png */,
				9943397C134C889500970231 /* explosion.png */,
				9943397D134C889500970231 /* gamename.png */,
				9943397F134C889500970231 /* inanimate.png */,
			);
			path = sprites;
			sourceTree = "<group>";
		};
		99433988134C889500970231 /* xml */ = {
			isa = PBXGroup;
			children = (
				992625291362E67E00E17F33 /* objects.xml */,
				995FAC60135C2EA900FA8557 /* bombs.xml */,
				9943398A134C889500970231 /* bitmaps.xml */,
				9943398D134C889500970231 /* players.xml */,
			);
			path = xml;
			sourceTree = "<group>";
		};
/* End PBXGroup section */

/* Begin PBXNativeTarget section */
		18C839C313410263001D5747 /* BomberKlob */ = {
			isa = PBXNativeTarget;
			buildConfigurationList = 18C839E513410263001D5747 /* Build configuration list for PBXNativeTarget "BomberKlob" */;
			buildPhases = (
				18C839C013410263001D5747 /* Sources */,
				18C839C113410263001D5747 /* Frameworks */,
				18C839C213410263001D5747 /* Resources */,
			);
			buildRules = (
			);
			dependencies = (
			);
			name = BomberKlob;
			productName = BomberKlob;
			productReference = 18C839C413410263001D5747 /* BomberKlob.app */;
			productType = "com.apple.product-type.application";
		};
/* End PBXNativeTarget section */

/* Begin PBXProject section */
		18C839BB13410263001D5747 /* Project object */ = {
			isa = PBXProject;
			buildConfigurationList = 18C839BE13410263001D5747 /* Build configuration list for PBXProject "BomberKlob" */;
			compatibilityVersion = "Xcode 3.2";
			developmentRegion = English;
			hasScannedForEncodings = 0;
			knownRegions = (
				en,
				fr,
			);
			mainGroup = 18C839B913410263001D5747;
			productRefGroup = 18C839C513410263001D5747 /* Products */;
			projectDirPath = "";
			projectRoot = "";
			targets = (
				18C839C313410263001D5747 /* BomberKlob */,
			);
		};
/* End PBXProject section */

/* Begin PBXResourcesBuildPhase section */
		18C839C213410263001D5747 /* Resources */ = {
			isa = PBXResourcesBuildPhase;
			buildActionMask = 2147483647;
			files = (
				9926250813607E0900E17F33 /* LoadMapEditorMenuViewController.xib in Resources */,
				9926250713607DF700E17F33 /* EditorMenuViewController.xib in Resources */,
				9924052C1353398200011965 /* SinglePlayerMenuViewController.xib in Resources */,
				992405291353394F00011965 /* OptionsMenuViewController.xib in Resources */,
				9924052A1353394F00011965 /* AccountManagementMenuViewController.xib in Resources */,
				9924052B1353394F00011965 /* ChangePlayerMenuViewController.xib in Resources */,
				18C839D313410263001D5747 /* InfoPlist.strings in Resources */,
				18C839DC13410263001D5747 /* MainWindow.xib in Resources */,
				18885586134107BE00DA88B9 /* CreateAccountOfflineMenuViewController.xib in Resources */,
				187A72EA1341315C0020D828 /* MainMenuViewController.xib in Resources */,
				9943398F134C889500970231 /* background.png in Resources */,
				99433992134C889500970231 /* explosion.png in Resources */,
				99433993134C889500970231 /* gamename.png in Resources */,
				99433995134C889500970231 /* inanimate.png in Resources */,
				9943399F134C889500970231 /* bitmaps.xml in Resources */,
				994339A2134C889500970231 /* players.xml in Resources */,
				18ADE84F13534575001AF150 /* icon.png in Resources */,
				99225ADB135471C7008B95AA /* players.png in Resources */,
				99225ADD135471EC008B95AA /* space.png in Resources */,
				18592AA61359DC7B00A20BB1 /* Maps in Resources */,
				18592AA71359DC7B00A20BB1 /* Sounds in Resources */,
				995FAC5E135C2E8000FA8557 /* animate.png in Resources */,
				995FAC5F135C2E8000FA8557 /* bombs.png in Resources */,
				995FAC61135C2EA900FA8557 /* bombs.xml in Resources */,
				99262504136041A600E17F33 /* bomb_button.png in Resources */,
				9926252A1362E67E00E17F33 /* objects.xml in Resources */,
				18F03ED5136C3C4D0030496F /* objects.png in Resources */,
			);
			runOnlyForDeploymentPostprocessing = 0;
		};
/* End PBXResourcesBuildPhase section */

/* Begin PBXSourcesBuildPhase section */
		18C839C013410263001D5747 /* Sources */ = {
			isa = PBXSourcesBuildPhase;
			buildActionMask = 2147483647;
			files = (
				992405281353382700011965 /* DBMap.m in Sources */,
				99ABA0DC135334EF0052E45F /* SettingGameViewController.m in Sources */,
				99ABA0DB135334E70052E45F /* AccountManagementMenuViewController.m in Sources */,
				99ABA0DA135334E00052E45F /* SinglePlayerMenuView.m in Sources */,
				99ABA0D9135334D80052E45F /* SelectMapViewController.m in Sources */,
				99ABA0D8135334CE0052E45F /* SinglePlayerMenuViewController.m in Sources */,
				99ABA0D7135334970052E45F /* OptionsMenuViewController.m in Sources */,
				18C839D613410263001D5747 /* main.m in Sources */,
				18C839D913410263001D5747 /* BomberKlobAppDelegate.m in Sources */,
				18885582134106E500DA88B9 /* CreateAccountOfflineMenuViewController.m in Sources */,
				187A72D9134117800020D828 /* DBUser.m in Sources */,
				187A72E81341312D0020D828 /* MainMenuViewController.m in Sources */,
				186E7CD31345313F004B873F /* DBSystem.m in Sources */,
				185EEC971348A98D007A1C67 /* DataBase.m in Sources */,
				1846A7BF134B6F4D00D35626 /* ChangePlayerMenuViewController.m in Sources */,
				9943395B134C876200970231 /* AnimationSequence.m in Sources */,
				9943395C134C876200970231 /* Bomb.m in Sources */,
				9943395D134C876200970231 /* BotPlayer.m in Sources */,
				9943395E134C876200970231 /* DeathMatch.m in Sources */,
				9943395F134C876200970231 /* Destructible.m in Sources */,
				99433960134C876200970231 /* EditorViewController.m in Sources */,
				99433961134C876200970231 /* Engine.m in Sources */,
				99433962134C876200970231 /* FrameInfo.m in Sources */,
				99433963134C876200970231 /* Game.m in Sources */,
				99433964134C876200970231 /* GameControllerMultiplayer.m in Sources */,
				99433965134C876200970231 /* GameViewControllerSingle.m in Sources */,
				99433966134C876200970231 /* GameType.m in Sources */,
				99433967134C876200970231 /* GameView.m in Sources */,
				99433968134C876200970231 /* GameViewController.m in Sources */,
				99433969134C876200970231 /* HumanPlayer.m in Sources */,
				9943396B134C876200970231 /* Map.m in Sources */,
				9943396C134C876200970231 /* MapEditor.m in Sources */,
				9943396D134C876200970231 /* Multiplayer.m in Sources */,
				9943396E134C876200970231 /* Objects.m in Sources */,
				9943396F134C876200970231 /* Player.m in Sources */,
				99433970134C876200970231 /* Position.m in Sources */,
				99433971134C876200970231 /* RessourceManager.m in Sources */,
				99433972134C876200970231 /* Single.m in Sources */,
				99433973134C876200970231 /* Undestructible.m in Sources */,
				994339A5134C953000970231 /* XmlParser.m in Sources */,
				99240527135337D700011965 /* Application.m in Sources */,
				994497C61356EE0B00B6BF6C /* GlobalGameViewControllerSingle.m in Sources */,
				1890E74A1359F185002F78B9 /* GameInformationViewController.m in Sources */,
				1890E74C1359F197002F78B9 /* GameInformationView.m in Sources */,
				1890E74D1359F1CF002F78B9 /* GameActionViewController.m in Sources */,
				1890E74E1359F1DB002F78B9 /* GameActionView.m in Sources */,
				1890E7541359FE02002F78B9 /* EditorInformation.m in Sources */,
				1890E7571359FE1A002F78B9 /* EditorAction.m in Sources */,
				1890E75A1359FF20002F78B9 /* EditorMapZone.m in Sources */,
				1890E75D135A02CC002F78B9 /* EditorMapZoneView.m in Sources */,
				1890E760135A02EF002F78B9 /* EditorInformationView.m in Sources */,
				1890E763135A0303002F78B9 /* EditorActionView.m in Sources */,
				1890E766135C6014002F78B9 /* PauseMenu.m in Sources */,
				1890E769135C6039002F78B9 /* PauseMenuView.m in Sources */,
				1890E76E135C9E36002F78B9 /* EditorMenuViewController.m in Sources */,
				1890E774135CB2EC002F78B9 /* LoadMapEditorMenuViewController.m in Sources */,
				1890E778135CB5AF002F78B9 /* LoadMapEditorMenuView.m in Sources */,
				9926250B1360808400E17F33 /* PauseMenuGame.m in Sources */,
				9926250E1360817000E17F33 /* PauseMenuGameView.m in Sources */,
			);
			runOnlyForDeploymentPostprocessing = 0;
		};
/* End PBXSourcesBuildPhase section */

/* Begin PBXVariantGroup section */
		1846A7EB134C635400D35626 /* ChangePlayerMenuViewController.xib */ = {
			isa = PBXVariantGroup;
			children = (
				1846A7EA134C635400D35626 /* en */,
			);
			name = ChangePlayerMenuViewController.xib;
			path = BomberKlob.xcodeproj;
			sourceTree = "<group>";
		};
		1846A7EE134C636800D35626 /* OptionsMenuViewController.xib */ = {
			isa = PBXVariantGroup;
			children = (
				1846A7ED134C636800D35626 /* en */,
			);
			name = OptionsMenuViewController.xib;
			sourceTree = "<group>";
		};
		1846A7F7134C6C7700D35626 /* AccountManagementMenuViewController.xib */ = {
			isa = PBXVariantGroup;
			children = (
				1846A7F6134C6C7700D35626 /* en */,
			);
			name = AccountManagementMenuViewController.xib;
			sourceTree = "<group>";
		};
		187A72EC1341315C0020D828 /* MainMenuViewController.xib */ = {
			isa = PBXVariantGroup;
			children = (
				187A72EB1341315C0020D828 /* en */,
			);
			name = MainMenuViewController.xib;
			sourceTree = "<group>";
		};
		18885588134107BE00DA88B9 /* CreateAccountOfflineMenuViewController.xib */ = {
			isa = PBXVariantGroup;
			children = (
				18885587134107BE00DA88B9 /* en */,
				187A72F5134131D00020D828 /* fr */,
			);
			name = CreateAccountOfflineMenuViewController.xib;
			sourceTree = "<group>";
		};
		18C839D113410263001D5747 /* InfoPlist.strings */ = {
			isa = PBXVariantGroup;
			children = (
				18C839D213410263001D5747 /* en */,
				187A72F613413DCA0020D828 /* fr */,
			);
			name = InfoPlist.strings;
			sourceTree = "<group>";
		};
		18C839DA13410263001D5747 /* MainWindow.xib */ = {
			isa = PBXVariantGroup;
			children = (
				18C839DB13410263001D5747 /* en */,
			);
			name = MainWindow.xib;
			sourceTree = "<group>";
		};
/* End PBXVariantGroup section */

/* Begin XCBuildConfiguration section */
		18C839E313410263001D5747 /* Debug */ = {
			isa = XCBuildConfiguration;
			buildSettings = {
				ARCHS = "$(ARCHS_STANDARD_32_BIT)";
				"CODE_SIGN_IDENTITY[sdk=iphoneos*]" = "iPhone Developer";
				GCC_C_LANGUAGE_STANDARD = gnu99;
				GCC_OPTIMIZATION_LEVEL = 0;
				GCC_PREPROCESSOR_DEFINITIONS = DEBUG;
				GCC_SYMBOLS_PRIVATE_EXTERN = NO;
				GCC_VERSION = com.apple.compilers.llvmgcc42;
				GCC_WARN_ABOUT_RETURN_TYPE = YES;
				GCC_WARN_UNUSED_VARIABLE = YES;
				IPHONEOS_DEPLOYMENT_TARGET = 4.3;
				SDKROOT = iphoneos;
			};
			name = Debug;
		};
		18C839E413410263001D5747 /* Release */ = {
			isa = XCBuildConfiguration;
			buildSettings = {
				ARCHS = "$(ARCHS_STANDARD_32_BIT)";
				"CODE_SIGN_IDENTITY[sdk=iphoneos*]" = "iPhone Developer";
				GCC_C_LANGUAGE_STANDARD = gnu99;
				GCC_VERSION = com.apple.compilers.llvmgcc42;
				GCC_WARN_ABOUT_RETURN_TYPE = YES;
				GCC_WARN_UNUSED_VARIABLE = YES;
				IPHONEOS_DEPLOYMENT_TARGET = 4.3;
				OTHER_CFLAGS = "-DNS_BLOCK_ASSERTIONS=1";
				SDKROOT = iphoneos;
			};
			name = Release;
		};
		18C839E613410263001D5747 /* Debug */ = {
			isa = XCBuildConfiguration;
			buildSettings = {
				ALWAYS_SEARCH_USER_PATHS = NO;
				COPY_PHASE_STRIP = NO;
				GCC_DYNAMIC_NO_PIC = NO;
				GCC_PRECOMPILE_PREFIX_HEADER = YES;
				GCC_PREFIX_HEADER = "BomberKlob/BomberKlob-Prefix.pch";
				INFOPLIST_FILE = "BomberKlob/BomberKlob-Info.plist";
				PRODUCT_NAME = "$(TARGET_NAME)";
				WRAPPER_EXTENSION = app;
			};
			name = Debug;
		};
		18C839E713410263001D5747 /* Release */ = {
			isa = XCBuildConfiguration;
			buildSettings = {
				ALWAYS_SEARCH_USER_PATHS = NO;
				COPY_PHASE_STRIP = YES;
				GCC_PRECOMPILE_PREFIX_HEADER = YES;
				GCC_PREFIX_HEADER = "BomberKlob/BomberKlob-Prefix.pch";
				INFOPLIST_FILE = "BomberKlob/BomberKlob-Info.plist";
				PRODUCT_NAME = "$(TARGET_NAME)";
				VALIDATE_PRODUCT = YES;
				WRAPPER_EXTENSION = app;
			};
			name = Release;
		};
/* End XCBuildConfiguration section */

/* Begin XCConfigurationList section */
		18C839BE13410263001D5747 /* Build configuration list for PBXProject "BomberKlob" */ = {
			isa = XCConfigurationList;
			buildConfigurations = (
				18C839E313410263001D5747 /* Debug */,
				18C839E413410263001D5747 /* Release */,
			);
			defaultConfigurationIsVisible = 0;
			defaultConfigurationName = Release;
		};
		18C839E513410263001D5747 /* Build configuration list for PBXNativeTarget "BomberKlob" */ = {
			isa = XCConfigurationList;
			buildConfigurations = (
				18C839E613410263001D5747 /* Debug */,
				18C839E713410263001D5747 /* Release */,
			);
			defaultConfigurationIsVisible = 0;
			defaultConfigurationName = Release;
		};
/* End XCConfigurationList section */
	};
	rootObject = 18C839BB13410263001D5747 /* Project object */;
}
